{
  "version": 4,
  "terraform_version": "1.12.1",
  "serial": 53,
  "lineage": "16cb8493-28d0-9b4e-16d3-d95d066a340b",
  "outputs": {
    "cluster_arn": {
      "value": "arn:aws:eks:eu-west-3:120569636577:cluster/saliha-eks-cluster",
      "type": "string"
    },
    "cluster_endpoint": {
      "value": "https://0AF96B0D237D1D59D0113C6099FEDDFA.gr7.eu-west-3.eks.amazonaws.com",
      "type": "string"
    },
    "cluster_id": {
      "value": "saliha-eks-cluster",
      "type": "string"
    },
    "cluster_security_group_id": {
      "value": "sg-049a1931aa5103d55",
      "type": "string"
    }
  },
  "resources": [
    {
      "module": "module.eks_infra",
      "mode": "data",
      "type": "aws_eks_cluster",
      "name": "cluster",
      "provider": "module.eks_infra.provider[\"registry.terraform.io/hashicorp/aws\"]",
      "instances": [
        {
          "schema_version": 0,
          "attributes": {
            "access_config": [
              {
                "authentication_mode": "CONFIG_MAP",
                "bootstrap_cluster_creator_admin_permissions": true
              }
            ],
            "arn": "arn:aws:eks:eu-west-3:120569636577:cluster/saliha-eks-cluster",
            "certificate_authority": [
              {
                "data": "LS0tLS1CRUdJTiBDRVJUSUZJQ0FURS0tLS0tCk1JSURCVENDQWUyZ0F3SUJBZ0lJYkYzN0R6WXVkQkl3RFFZSktvWklodmNOQVFFTEJRQXdGVEVUTUJFR0ExVUUKQXhNS2EzVmlaWEp1WlhSbGN6QWVGdzB5TlRBMU1qWXhNVEl5TVRWYUZ3MHpOVEExTWpReE1USTNNVFZhTUJVeApFekFSQmdOVkJBTVRDbXQxWW1WeWJtVjBaWE13Z2dFaU1BMEdDU3FHU0liM0RRRUJBUVVBQTRJQkR3QXdnZ0VLCkFvSUJBUURmMjJ3YTJmaGJGRDN6R1JUYWlUbjd2RFRjeWhGbjRTQmZFby8wZWJCQnJ2VHFKYTdkVnlpNEJRZm4KN3p5RmZnR1FlVmRYUUU1UnVwVmxEb0xUc3g4YytEM3RXYzAxYU51Rm1oR2p2UVhTUytSeWRHdXR1K2xpVm44NwpPUE9wNVZqT3dXRUNNZlpzNS9RK2FodlJka2UxcldRaUFDK3JVNHMxNGVOQUFuQjNNeXN3RGw2NnhqZmJvdm9hCkdVcjluSU5YaVlNQzBMU29TUU5RUFBUQmM5RXU5dnEwT2ZhUEJlSlBZckpHSHJEZEtDbmhXWWpTMWZPSC9BTEUKRGhZZTN4QVhicUdqa2k5UTluSSt0ODArcVhBdVpYTnRRQkxYSy93TkV5TEJ0K1F5c0xYcThGVWRvdlZEM0VhNQp1NDFTQ3luVUZzMHROV2QzS0xUUDNrcUMyQ1NEQWdNQkFBR2pXVEJYTUE0R0ExVWREd0VCL3dRRUF3SUNwREFQCkJnTlZIUk1CQWY4RUJUQURBUUgvTUIwR0ExVWREZ1FXQkJUZ1c1WWVPbzA1bm1zTGx6OVRTbUg0S2hFV05EQVYKQmdOVkhSRUVEakFNZ2dwcmRXSmxjbTVsZEdWek1BMEdDU3FHU0liM0RRRUJDd1VBQTRJQkFRQ2dpaE1SUGo4WgpIczJBNStZRmF4QlcrQThJYjh0azJHY25xREVjQXRneXMyTWZpMGh4aHEzNzFRdDBpQzBhRW43NE5qb0tpRlNzCkVVdnRXbXJWT2tSdUZzSUt5RExHOTQxNER2RlZBNFltdDNOV0MxV2p0NFhRZ0YrTkYyL1B1THArYjNUQVRQQUgKRjlNWDAvaTladGRDY09nbjc5OWVMdFoxMUFlV2htQmw3WEpLSStaQmdDYmhPV0RNMUI2SkVvam1nc25xRHlMYgptdHczblhsR2V2M3djVklFNjhVNnFqM2dxaTQ0eGFycmZYZnUwVHB3SFkvcFgzQ0V5U1NLZHgzVFhFeXptMW9LCnZIeVFjdmlXYWJNNnhyU05xa05MMDY2a3J0ajVzS1B3L2VOYVl6dEQzekxzMGY1M1JyTzNSY0NKMXVkQVlZVnkKY0ZDTUduTnhwejdUCi0tLS0tRU5EIENFUlRJRklDQVRFLS0tLS0K"
              }
            ],
            "cluster_id": null,
            "compute_config": [],
            "created_at": "2025-05-26T11:22:46Z",
            "enabled_cluster_log_types": [],
            "endpoint": "https://0AF96B0D237D1D59D0113C6099FEDDFA.gr7.eu-west-3.eks.amazonaws.com",
            "id": "saliha-eks-cluster",
            "identity": [
              {
                "oidc": [
                  {
                    "issuer": "https://oidc.eks.eu-west-3.amazonaws.com/id/0AF96B0D237D1D59D0113C6099FEDDFA"
                  }
                ]
              }
            ],
            "kubernetes_network_config": [
              {
                "elastic_load_balancing": [
                  {
                    "enabled": false
                  }
                ],
                "ip_family": "ipv4",
                "service_ipv4_cidr": "172.20.0.0/16",
                "service_ipv6_cidr": ""
              }
            ],
            "name": "saliha-eks-cluster",
            "outpost_config": [],
            "platform_version": "eks.47",
            "remote_network_config": [],
            "role_arn": "arn:aws:iam::120569636577:role/saliha-eks-cluster20250526112237614300000003",
            "status": "ACTIVE",
            "storage_config": [],
            "tags": {
              "Environment": "dev",
              "Terraform": "true"
            },
            "upgrade_policy": [
              {
                "support_type": "EXTENDED"
              }
            ],
            "version": "1.27",
            "vpc_config": [
              {
                "cluster_security_group_id": "sg-093e36d1ce70da9ad",
                "endpoint_private_access": false,
                "endpoint_public_access": true,
                "public_access_cidrs": [
                  "0.0.0.0/0"
                ],
                "security_group_ids": [
                  "sg-049a1931aa5103d55"
                ],
                "subnet_ids": [
                  "subnet-055a14bf206a85d7d",
                  "subnet-0a6faeac7b01568a3",
                  "subnet-0c3ff6ddba1d3e756"
                ],
                "vpc_id": "vpc-0c9a5dbd137c089d6"
              }
            ],
            "zonal_shift_config": []
          },
          "sensitive_attributes": [],
          "identity_schema_version": 0
        }
      ]
    },
    {
      "module": "module.eks_infra",
      "mode": "data",
      "type": "aws_eks_cluster_auth",
      "name": "cluster",
      "provider": "module.eks_infra.provider[\"registry.terraform.io/hashicorp/aws\"]",
      "instances": [
        {
          "schema_version": 0,
          "attributes": {
            "id": "saliha-eks-cluster",
            "name": "saliha-eks-cluster",
            "token": "k8s-aws-v1.aHR0cHM6Ly9zdHMuZXUtd2VzdC0zLmFtYXpvbmF3cy5jb20vP0FjdGlvbj1HZXRDYWxsZXJJZGVudGl0eSZWZXJzaW9uPTIwMTEtMDYtMTUmWC1BbXotQWxnb3JpdGhtPUFXUzQtSE1BQy1TSEEyNTYmWC1BbXotQ3JlZGVudGlhbD1BS0lBUllFVUNVM1FSS05PNFlIMiUyRjIwMjUwNTI2JTJGZXUtd2VzdC0zJTJGc3RzJTJGYXdzNF9yZXF1ZXN0JlgtQW16LURhdGU9MjAyNTA1MjZUMTI0NTQ5WiZYLUFtei1FeHBpcmVzPTAmWC1BbXotU2lnbmVkSGVhZGVycz1ob3N0JTNCeC1rOHMtYXdzLWlkJlgtQW16LVNpZ25hdHVyZT1mOWI1NDA0NjRkM2IxYmFhOTY0MmE2MmJiMmM2MjFhYjljZWJhZDgyOTE0NmNiNDUxNWYyNDk2NWM0MTFiYzZl"
          },
          "sensitive_attributes": [
            [
              {
                "type": "get_attr",
                "value": "token"
              }
            ]
          ],
          "identity_schema_version": 0
        }
      ]
    },
    {
      "module": "module.eks_infra.module.eks",
      "mode": "data",
      "type": "aws_caller_identity",
      "name": "current",
      "provider": "module.eks_infra.provider[\"registry.terraform.io/hashicorp/aws\"]",
      "instances": [
        {
          "schema_version": 0,
          "attributes": {
            "account_id": "120569636577",
            "arn": "arn:aws:iam::120569636577:user/user1",
            "id": "120569636577",
            "user_id": "AIDARYEUCU3QX3DKIUKCV"
          },
          "sensitive_attributes": [],
          "identity_schema_version": 0
        }
      ]
    },
    {
      "module": "module.eks_infra.module.eks",
      "mode": "data",
      "type": "aws_iam_policy_document",
      "name": "cluster_assume_role_policy",
      "provider": "module.eks_infra.provider[\"registry.terraform.io/hashicorp/aws\"]",
      "instances": [
        {
          "schema_version": 0,
          "attributes": {
            "id": "2764486067",
            "json": "{\n  \"Version\": \"2012-10-17\",\n  \"Statement\": [\n    {\n      \"Sid\": \"EKSClusterAssumeRole\",\n      \"Effect\": \"Allow\",\n      \"Action\": \"sts:AssumeRole\",\n      \"Principal\": {\n        \"Service\": \"eks.amazonaws.com\"\n      }\n    }\n  ]\n}",
            "minified_json": "{\"Version\":\"2012-10-17\",\"Statement\":[{\"Sid\":\"EKSClusterAssumeRole\",\"Effect\":\"Allow\",\"Action\":\"sts:AssumeRole\",\"Principal\":{\"Service\":\"eks.amazonaws.com\"}}]}",
            "override_json": null,
            "override_policy_documents": null,
            "policy_id": null,
            "source_json": null,
            "source_policy_documents": null,
            "statement": [
              {
                "actions": [
                  "sts:AssumeRole"
                ],
                "condition": [],
                "effect": "Allow",
                "not_actions": [],
                "not_principals": [],
                "not_resources": [],
                "principals": [
                  {
                    "identifiers": [
                      "eks.amazonaws.com"
                    ],
                    "type": "Service"
                  }
                ],
                "resources": [],
                "sid": "EKSClusterAssumeRole"
              }
            ],
            "version": "2012-10-17"
          },
          "sensitive_attributes": [],
          "identity_schema_version": 0
        }
      ]
    },
    {
      "module": "module.eks_infra.module.eks",
      "mode": "data",
      "type": "aws_iam_policy_document",
      "name": "cluster_deny_log_group",
      "provider": "module.eks_infra.provider[\"registry.terraform.io/hashicorp/aws\"]",
      "instances": [
        {
          "index_key": 0,
          "schema_version": 0,
          "attributes": {
            "id": "2940822895",
            "json": "{\n  \"Version\": \"2012-10-17\",\n  \"Statement\": [\n    {\n      \"Effect\": \"Deny\",\n      \"Action\": \"logs:CreateLogGroup\",\n      \"Resource\": \"*\"\n    }\n  ]\n}",
            "minified_json": "{\"Version\":\"2012-10-17\",\"Statement\":[{\"Effect\":\"Deny\",\"Action\":\"logs:CreateLogGroup\",\"Resource\":\"*\"}]}",
            "override_json": null,
            "override_policy_documents": null,
            "policy_id": null,
            "source_json": null,
            "source_policy_documents": null,
            "statement": [
              {
                "actions": [
                  "logs:CreateLogGroup"
                ],
                "condition": [],
                "effect": "Deny",
                "not_actions": [],
                "not_principals": [],
                "not_resources": [],
                "principals": [],
                "resources": [
                  "*"
                ],
                "sid": ""
              }
            ],
            "version": "2012-10-17"
          },
          "sensitive_attributes": [],
          "identity_schema_version": 0
        }
      ]
    },
    {
      "module": "module.eks_infra.module.eks",
      "mode": "data",
      "type": "aws_iam_policy_document",
      "name": "cluster_elb_sl_role_creation",
      "provider": "module.eks_infra.provider[\"registry.terraform.io/hashicorp/aws\"]",
      "instances": [
        {
          "index_key": 0,
          "schema_version": 0,
          "attributes": {
            "id": "2829572932",
            "json": "{\n  \"Version\": \"2012-10-17\",\n  \"Statement\": [\n    {\n      \"Effect\": \"Allow\",\n      \"Action\": [\n        \"ec2:DescribeInternetGateways\",\n        \"ec2:DescribeAddresses\",\n        \"ec2:DescribeAccountAttributes\"\n      ],\n      \"Resource\": \"*\"\n    }\n  ]\n}",
            "minified_json": "{\"Version\":\"2012-10-17\",\"Statement\":[{\"Effect\":\"Allow\",\"Action\":[\"ec2:DescribeInternetGateways\",\"ec2:DescribeAddresses\",\"ec2:DescribeAccountAttributes\"],\"Resource\":\"*\"}]}",
            "override_json": null,
            "override_policy_documents": null,
            "policy_id": null,
            "source_json": null,
            "source_policy_documents": null,
            "statement": [
              {
                "actions": [
                  "ec2:DescribeAccountAttributes",
                  "ec2:DescribeAddresses",
                  "ec2:DescribeInternetGateways"
                ],
                "condition": [],
                "effect": "Allow",
                "not_actions": [],
                "not_principals": [],
                "not_resources": [],
                "principals": [],
                "resources": [
                  "*"
                ],
                "sid": ""
              }
            ],
            "version": "2012-10-17"
          },
          "sensitive_attributes": [],
          "identity_schema_version": 0
        }
      ]
    },
    {
      "module": "module.eks_infra.module.eks",
      "mode": "data",
      "type": "aws_iam_policy_document",
      "name": "workers_assume_role_policy",
      "provider": "module.eks_infra.provider[\"registry.terraform.io/hashicorp/aws\"]",
      "instances": [
        {
          "schema_version": 0,
          "attributes": {
            "id": "3778018924",
            "json": "{\n  \"Version\": \"2012-10-17\",\n  \"Statement\": [\n    {\n      \"Sid\": \"EKSWorkerAssumeRole\",\n      \"Effect\": \"Allow\",\n      \"Action\": \"sts:AssumeRole\",\n      \"Principal\": {\n        \"Service\": \"ec2.amazonaws.com\"\n      }\n    }\n  ]\n}",
            "minified_json": "{\"Version\":\"2012-10-17\",\"Statement\":[{\"Sid\":\"EKSWorkerAssumeRole\",\"Effect\":\"Allow\",\"Action\":\"sts:AssumeRole\",\"Principal\":{\"Service\":\"ec2.amazonaws.com\"}}]}",
            "override_json": null,
            "override_policy_documents": null,
            "policy_id": null,
            "source_json": null,
            "source_policy_documents": null,
            "statement": [
              {
                "actions": [
                  "sts:AssumeRole"
                ],
                "condition": [],
                "effect": "Allow",
                "not_actions": [],
                "not_principals": [],
                "not_resources": [],
                "principals": [
                  {
                    "identifiers": [
                      "ec2.amazonaws.com"
                    ],
                    "type": "Service"
                  }
                ],
                "resources": [],
                "sid": "EKSWorkerAssumeRole"
              }
            ],
            "version": "2012-10-17"
          },
          "sensitive_attributes": [],
          "identity_schema_version": 0
        }
      ]
    },
    {
      "module": "module.eks_infra.module.eks",
      "mode": "data",
      "type": "aws_partition",
      "name": "current",
      "provider": "module.eks_infra.provider[\"registry.terraform.io/hashicorp/aws\"]",
      "instances": [
        {
          "schema_version": 0,
          "attributes": {
            "dns_suffix": "amazonaws.com",
            "id": "aws",
            "partition": "aws",
            "reverse_dns_prefix": "com.amazonaws"
          },
          "sensitive_attributes": [],
          "identity_schema_version": 0
        }
      ]
    },
    {
      "module": "module.eks_infra.module.eks",
      "mode": "data",
      "type": "http",
      "name": "wait_for_cluster",
      "provider": "provider[\"registry.terraform.io/terraform-aws-modules/http\"]",
      "instances": [
        {
          "index_key": 0,
          "schema_version": 0,
          "attributes": {
            "body": "ok",
            "ca_certificate": "-----BEGIN CERTIFICATE-----\nMIIDBTCCAe2gAwIBAgIIbF37DzYudBIwDQYJKoZIhvcNAQELBQAwFTETMBEGA1UE\nAxMKa3ViZXJuZXRlczAeFw0yNTA1MjYxMTIyMTVaFw0zNTA1MjQxMTI3MTVaMBUx\nEzARBgNVBAMTCmt1YmVybmV0ZXMwggEiMA0GCSqGSIb3DQEBAQUAA4IBDwAwggEK\nAoIBAQDf22wa2fhbFD3zGRTaiTn7vDTcyhFn4SBfEo/0ebBBrvTqJa7dVyi4BQfn\n7zyFfgGQeVdXQE5RupVlDoLTsx8c+D3tWc01aNuFmhGjvQXSS+RydGutu+liVn87\nOPOp5VjOwWECMfZs5/Q+ahvRdke1rWQiAC+rU4s14eNAAnB3MyswDl66xjfbovoa\nGUr9nINXiYMC0LSoSQNQPPTBc9Eu9vq0OfaPBeJPYrJGHrDdKCnhWYjS1fOH/ALE\nDhYe3xAXbqGjki9Q9nI+t80+qXAuZXNtQBLXK/wNEyLBt+QysLXq8FUdovVD3Ea5\nu41SCynUFs0tNWd3KLTP3kqC2CSDAgMBAAGjWTBXMA4GA1UdDwEB/wQEAwICpDAP\nBgNVHRMBAf8EBTADAQH/MB0GA1UdDgQWBBTgW5YeOo05nmsLlz9TSmH4KhEWNDAV\nBgNVHREEDjAMggprdWJlcm5ldGVzMA0GCSqGSIb3DQEBCwUAA4IBAQCgihMRPj8Z\nHs2A5+YFaxBW+A8Ib8tk2GcnqDEcAtgys2Mfi0hxhq371Qt0iC0aEn74NjoKiFSs\nEUvtWmrVOkRuFsIKyDLG9414DvFVA4Ymt3NWC1Wjt4XQgF+NF2/PuLp+b3TATPAH\nF9MX0/i9ZtdCcOgn799eLtZ11AeWhmBl7XJKI+ZBgCbhOWDM1B6JEojmgsnqDyLb\nmtw3nXlGev3wcVIE68U6qj3gqi44xarrfXfu0TpwHY/pX3CEySSKdx3TXEyzm1oK\nvHyQcviWabM6xrSNqkNL066krtj5sKPw/eNaYztD3zLs0f53RrO3RcCJ1udAYYVy\ncFCMGnNxpz7T\n-----END CERTIFICATE-----\n",
            "id": "https://0AF96B0D237D1D59D0113C6099FEDDFA.gr7.eu-west-3.eks.amazonaws.com/healthz",
            "insecure": false,
            "request_headers": null,
            "response_headers": {
              "Audit-Id": "c78f4f81-6427-422a-a0fe-957a4e56b728",
              "Cache-Control": "no-cache, private",
              "Content-Length": "2",
              "Content-Type": "text/plain; charset=utf-8",
              "Date": "Mon, 26 May 2025 12:45:49 GMT",
              "X-Content-Type-Options": "nosniff",
              "X-Kubernetes-Pf-Flowschema-Uid": "5eb82f1a-7f6f-403f-9ac1-542a3d47252e",
              "X-Kubernetes-Pf-Prioritylevel-Uid": "24cd885a-993f-4dca-84da-5b5e7d2e1b42"
            },
            "timeout": 300,
            "url": "https://0AF96B0D237D1D59D0113C6099FEDDFA.gr7.eu-west-3.eks.amazonaws.com/healthz"
          },
          "sensitive_attributes": [],
          "identity_schema_version": 0
        }
      ]
    },
    {
      "module": "module.eks_infra.module.eks",
      "mode": "managed",
      "type": "aws_eks_cluster",
      "name": "this",
      "provider": "module.eks_infra.provider[\"registry.terraform.io/hashicorp/aws\"]",
      "instances": [
        {
          "index_key": 0,
          "schema_version": 1,
          "attributes": {
            "access_config": [
              {
                "authentication_mode": "CONFIG_MAP",
                "bootstrap_cluster_creator_admin_permissions": true
              }
            ],
            "arn": "arn:aws:eks:eu-west-3:120569636577:cluster/saliha-eks-cluster",
            "bootstrap_self_managed_addons": true,
            "certificate_authority": [
              {
                "data": "LS0tLS1CRUdJTiBDRVJUSUZJQ0FURS0tLS0tCk1JSURCVENDQWUyZ0F3SUJBZ0lJYkYzN0R6WXVkQkl3RFFZSktvWklodmNOQVFFTEJRQXdGVEVUTUJFR0ExVUUKQXhNS2EzVmlaWEp1WlhSbGN6QWVGdzB5TlRBMU1qWXhNVEl5TVRWYUZ3MHpOVEExTWpReE1USTNNVFZhTUJVeApFekFSQmdOVkJBTVRDbXQxWW1WeWJtVjBaWE13Z2dFaU1BMEdDU3FHU0liM0RRRUJBUVVBQTRJQkR3QXdnZ0VLCkFvSUJBUURmMjJ3YTJmaGJGRDN6R1JUYWlUbjd2RFRjeWhGbjRTQmZFby8wZWJCQnJ2VHFKYTdkVnlpNEJRZm4KN3p5RmZnR1FlVmRYUUU1UnVwVmxEb0xUc3g4YytEM3RXYzAxYU51Rm1oR2p2UVhTUytSeWRHdXR1K2xpVm44NwpPUE9wNVZqT3dXRUNNZlpzNS9RK2FodlJka2UxcldRaUFDK3JVNHMxNGVOQUFuQjNNeXN3RGw2NnhqZmJvdm9hCkdVcjluSU5YaVlNQzBMU29TUU5RUFBUQmM5RXU5dnEwT2ZhUEJlSlBZckpHSHJEZEtDbmhXWWpTMWZPSC9BTEUKRGhZZTN4QVhicUdqa2k5UTluSSt0ODArcVhBdVpYTnRRQkxYSy93TkV5TEJ0K1F5c0xYcThGVWRvdlZEM0VhNQp1NDFTQ3luVUZzMHROV2QzS0xUUDNrcUMyQ1NEQWdNQkFBR2pXVEJYTUE0R0ExVWREd0VCL3dRRUF3SUNwREFQCkJnTlZIUk1CQWY4RUJUQURBUUgvTUIwR0ExVWREZ1FXQkJUZ1c1WWVPbzA1bm1zTGx6OVRTbUg0S2hFV05EQVYKQmdOVkhSRUVEakFNZ2dwcmRXSmxjbTVsZEdWek1BMEdDU3FHU0liM0RRRUJDd1VBQTRJQkFRQ2dpaE1SUGo4WgpIczJBNStZRmF4QlcrQThJYjh0azJHY25xREVjQXRneXMyTWZpMGh4aHEzNzFRdDBpQzBhRW43NE5qb0tpRlNzCkVVdnRXbXJWT2tSdUZzSUt5RExHOTQxNER2RlZBNFltdDNOV0MxV2p0NFhRZ0YrTkYyL1B1THArYjNUQVRQQUgKRjlNWDAvaTladGRDY09nbjc5OWVMdFoxMUFlV2htQmw3WEpLSStaQmdDYmhPV0RNMUI2SkVvam1nc25xRHlMYgptdHczblhsR2V2M3djVklFNjhVNnFqM2dxaTQ0eGFycmZYZnUwVHB3SFkvcFgzQ0V5U1NLZHgzVFhFeXptMW9LCnZIeVFjdmlXYWJNNnhyU05xa05MMDY2a3J0ajVzS1B3L2VOYVl6dEQzekxzMGY1M1JyTzNSY0NKMXVkQVlZVnkKY0ZDTUduTnhwejdUCi0tLS0tRU5EIENFUlRJRklDQVRFLS0tLS0K"
              }
            ],
            "cluster_id": null,
            "compute_config": [],
            "created_at": "2025-05-26T11:22:46Z",
            "enabled_cluster_log_types": [],
            "encryption_config": [],
            "endpoint": "https://0AF96B0D237D1D59D0113C6099FEDDFA.gr7.eu-west-3.eks.amazonaws.com",
            "force_update_version": null,
            "id": "saliha-eks-cluster",
            "identity": [
              {
                "oidc": [
                  {
                    "issuer": "https://oidc.eks.eu-west-3.amazonaws.com/id/0AF96B0D237D1D59D0113C6099FEDDFA"
                  }
                ]
              }
            ],
            "kubernetes_network_config": [
              {
                "elastic_load_balancing": [
                  {
                    "enabled": false
                  }
                ],
                "ip_family": "ipv4",
                "service_ipv4_cidr": "172.20.0.0/16",
                "service_ipv6_cidr": ""
              }
            ],
            "name": "saliha-eks-cluster",
            "outpost_config": [],
            "platform_version": "eks.47",
            "remote_network_config": [],
            "role_arn": "arn:aws:iam::120569636577:role/saliha-eks-cluster20250526112237614300000003",
            "status": "ACTIVE",
            "storage_config": [],
            "tags": {
              "Environment": "dev",
              "Terraform": "true"
            },
            "tags_all": {
              "Environment": "dev",
              "Terraform": "true"
            },
            "timeouts": {
              "create": "30m",
              "delete": "15m",
              "update": "60m"
            },
            "upgrade_policy": [
              {
                "support_type": "EXTENDED"
              }
            ],
            "version": "1.27",
            "vpc_config": [
              {
                "cluster_security_group_id": "sg-093e36d1ce70da9ad",
                "endpoint_private_access": false,
                "endpoint_public_access": true,
                "public_access_cidrs": [
                  "0.0.0.0/0"
                ],
                "security_group_ids": [
                  "sg-049a1931aa5103d55"
                ],
                "subnet_ids": [
                  "subnet-055a14bf206a85d7d",
                  "subnet-0a6faeac7b01568a3",
                  "subnet-0c3ff6ddba1d3e756"
                ],
                "vpc_id": "vpc-0c9a5dbd137c089d6"
              }
            ],
            "zonal_shift_config": []
          },
          "sensitive_attributes": [],
          "identity_schema_version": 0,
          "private": "eyJlMmJmYjczMC1lY2FhLTExZTYtOGY4OC0zNDM2M2JjN2M0YzAiOnsiY3JlYXRlIjoxODAwMDAwMDAwMDAwLCJkZWxldGUiOjkwMDAwMDAwMDAwMCwidXBkYXRlIjozNjAwMDAwMDAwMDAwfSwic2NoZW1hX3ZlcnNpb24iOiIxIn0=",
          "dependencies": [
            "module.eks_infra.module.eks.aws_cloudwatch_log_group.this",
            "module.eks_infra.module.eks.aws_iam_role.cluster",
            "module.eks_infra.module.eks.aws_iam_role_policy_attachment.cluster_AmazonEKSClusterPolicy",
            "module.eks_infra.module.eks.aws_iam_role_policy_attachment.cluster_AmazonEKSServicePolicy",
            "module.eks_infra.module.eks.aws_iam_role_policy_attachment.cluster_AmazonEKSVPCResourceControllerPolicy",
            "module.eks_infra.module.eks.aws_security_group.cluster",
            "module.eks_infra.module.eks.aws_security_group.workers",
            "module.eks_infra.module.eks.aws_security_group_rule.cluster_egress_internet",
            "module.eks_infra.module.eks.aws_security_group_rule.cluster_https_worker_ingress",
            "module.eks_infra.module.eks.data.aws_iam_policy_document.cluster_assume_role_policy",
            "module.eks_infra.module.eks.data.aws_iam_role.custom_cluster_iam_role",
            "module.eks_infra.module.eks.data.aws_partition.current",
            "module.eks_infra.module.vpc.aws_subnet.private",
            "module.eks_infra.module.vpc.aws_vpc.this",
            "module.eks_infra.module.vpc.aws_vpc_ipv4_cidr_block_association.this"
          ],
          "create_before_destroy": true
        }
      ]
    },
    {
      "module": "module.eks_infra.module.eks",
      "mode": "managed",
      "type": "aws_iam_policy",
      "name": "cluster_deny_log_group",
      "provider": "module.eks_infra.provider[\"registry.terraform.io/hashicorp/aws\"]",
      "instances": [
        {
          "index_key": 0,
          "schema_version": 0,
          "attributes": {
            "arn": "arn:aws:iam::120569636577:policy/saliha-eks-cluster-deny-log-group20250526112237614200000002",
            "attachment_count": 1,
            "description": "Deny CreateLogGroup",
            "id": "arn:aws:iam::120569636577:policy/saliha-eks-cluster-deny-log-group20250526112237614200000002",
            "name": "saliha-eks-cluster-deny-log-group20250526112237614200000002",
            "name_prefix": "saliha-eks-cluster-deny-log-group",
            "path": "/",
            "policy": "{\"Statement\":[{\"Action\":\"logs:CreateLogGroup\",\"Effect\":\"Deny\",\"Resource\":\"*\"}],\"Version\":\"2012-10-17\"}",
            "policy_id": "ANPARYEUCU3QX7HJVHRMF",
            "tags": {
              "Environment": "dev",
              "Terraform": "true"
            },
            "tags_all": {
              "Environment": "dev",
              "Terraform": "true"
            }
          },
          "sensitive_attributes": [],
          "identity_schema_version": 0,
          "private": "bnVsbA==",
          "dependencies": [
            "module.eks_infra.module.eks.data.aws_iam_policy_document.cluster_deny_log_group"
          ]
        }
      ]
    },
    {
      "module": "module.eks_infra.module.eks",
      "mode": "managed",
      "type": "aws_iam_policy",
      "name": "cluster_elb_sl_role_creation",
      "provider": "module.eks_infra.provider[\"registry.terraform.io/hashicorp/aws\"]",
      "instances": [
        {
          "index_key": 0,
          "schema_version": 0,
          "attributes": {
            "arn": "arn:aws:iam::120569636577:policy/saliha-eks-cluster-elb-sl-role-creation20250526112237614100000001",
            "attachment_count": 1,
            "description": "Permissions for EKS to create AWSServiceRoleForElasticLoadBalancing service-linked role",
            "id": "arn:aws:iam::120569636577:policy/saliha-eks-cluster-elb-sl-role-creation20250526112237614100000001",
            "name": "saliha-eks-cluster-elb-sl-role-creation20250526112237614100000001",
            "name_prefix": "saliha-eks-cluster-elb-sl-role-creation",
            "path": "/",
            "policy": "{\"Statement\":[{\"Action\":[\"ec2:DescribeInternetGateways\",\"ec2:DescribeAddresses\",\"ec2:DescribeAccountAttributes\"],\"Effect\":\"Allow\",\"Resource\":\"*\"}],\"Version\":\"2012-10-17\"}",
            "policy_id": "ANPARYEUCU3QZC7BUYSB6",
            "tags": {
              "Environment": "dev",
              "Terraform": "true"
            },
            "tags_all": {
              "Environment": "dev",
              "Terraform": "true"
            }
          },
          "sensitive_attributes": [],
          "identity_schema_version": 0,
          "private": "bnVsbA==",
          "dependencies": [
            "module.eks_infra.module.eks.data.aws_iam_policy_document.cluster_elb_sl_role_creation"
          ]
        }
      ]
    },
    {
      "module": "module.eks_infra.module.eks",
      "mode": "managed",
      "type": "aws_iam_role",
      "name": "cluster",
      "provider": "module.eks_infra.provider[\"registry.terraform.io/hashicorp/aws\"]",
      "instances": [
        {
          "index_key": 0,
          "schema_version": 0,
          "attributes": {
            "arn": "arn:aws:iam::120569636577:role/saliha-eks-cluster20250526112237614300000003",
            "assume_role_policy": "{\"Statement\":[{\"Action\":\"sts:AssumeRole\",\"Effect\":\"Allow\",\"Principal\":{\"Service\":\"eks.amazonaws.com\"},\"Sid\":\"EKSClusterAssumeRole\"}],\"Version\":\"2012-10-17\"}",
            "create_date": "2025-05-26T11:22:31Z",
            "description": "",
            "force_detach_policies": true,
            "id": "saliha-eks-cluster20250526112237614300000003",
            "inline_policy": [],
            "managed_policy_arns": [
              "arn:aws:iam::120569636577:policy/saliha-eks-cluster-deny-log-group20250526112237614200000002",
              "arn:aws:iam::120569636577:policy/saliha-eks-cluster-elb-sl-role-creation20250526112237614100000001",
              "arn:aws:iam::aws:policy/AmazonEKSClusterPolicy",
              "arn:aws:iam::aws:policy/AmazonEKSServicePolicy",
              "arn:aws:iam::aws:policy/AmazonEKSVPCResourceController"
            ],
            "max_session_duration": 3600,
            "name": "saliha-eks-cluster20250526112237614300000003",
            "name_prefix": "saliha-eks-cluster",
            "path": "/",
            "permissions_boundary": "",
            "tags": {
              "Environment": "dev",
              "Terraform": "true"
            },
            "tags_all": {
              "Environment": "dev",
              "Terraform": "true"
            },
            "unique_id": "AROARYEUCU3Q3FVVEIM2P"
          },
          "sensitive_attributes": [],
          "identity_schema_version": 0,
          "private": "bnVsbA==",
          "dependencies": [
            "module.eks_infra.module.eks.data.aws_iam_policy_document.cluster_assume_role_policy"
          ],
          "create_before_destroy": true
        }
      ]
    },
    {
      "module": "module.eks_infra.module.eks",
      "mode": "managed",
      "type": "aws_iam_role",
      "name": "workers",
      "provider": "module.eks_infra.provider[\"registry.terraform.io/hashicorp/aws\"]",
      "instances": [
        {
          "index_key": 0,
          "schema_version": 0,
          "attributes": {
            "arn": "arn:aws:iam::120569636577:role/saliha-eks-cluster2025052611290903130000000e",
            "assume_role_policy": "{\"Statement\":[{\"Action\":\"sts:AssumeRole\",\"Effect\":\"Allow\",\"Principal\":{\"Service\":\"ec2.amazonaws.com\"},\"Sid\":\"EKSWorkerAssumeRole\"}],\"Version\":\"2012-10-17\"}",
            "create_date": "2025-05-26T11:29:09Z",
            "description": "",
            "force_detach_policies": true,
            "id": "saliha-eks-cluster2025052611290903130000000e",
            "inline_policy": [],
            "managed_policy_arns": [
              "arn:aws:iam::aws:policy/AmazonEC2ContainerRegistryReadOnly",
              "arn:aws:iam::aws:policy/AmazonEKSWorkerNodePolicy",
              "arn:aws:iam::aws:policy/AmazonEKS_CNI_Policy"
            ],
            "max_session_duration": 3600,
            "name": "saliha-eks-cluster2025052611290903130000000e",
            "name_prefix": "saliha-eks-cluster",
            "path": "/",
            "permissions_boundary": "",
            "tags": {
              "Environment": "dev",
              "Terraform": "true"
            },
            "tags_all": {
              "Environment": "dev",
              "Terraform": "true"
            },
            "unique_id": "AROARYEUCU3Q4XVZXTSZK"
          },
          "sensitive_attributes": [],
          "identity_schema_version": 0,
          "private": "bnVsbA==",
          "dependencies": [
            "module.eks_infra.module.eks.aws_cloudwatch_log_group.this",
            "module.eks_infra.module.eks.aws_eks_cluster.this",
            "module.eks_infra.module.eks.aws_iam_role.cluster",
            "module.eks_infra.module.eks.aws_iam_role_policy_attachment.cluster_AmazonEKSClusterPolicy",
            "module.eks_infra.module.eks.aws_iam_role_policy_attachment.cluster_AmazonEKSServicePolicy",
            "module.eks_infra.module.eks.aws_iam_role_policy_attachment.cluster_AmazonEKSVPCResourceControllerPolicy",
            "module.eks_infra.module.eks.aws_security_group.cluster",
            "module.eks_infra.module.eks.aws_security_group.workers",
            "module.eks_infra.module.eks.aws_security_group_rule.cluster_egress_internet",
            "module.eks_infra.module.eks.aws_security_group_rule.cluster_https_worker_ingress",
            "module.eks_infra.module.eks.data.aws_iam_policy_document.cluster_assume_role_policy",
            "module.eks_infra.module.eks.data.aws_iam_policy_document.workers_assume_role_policy",
            "module.eks_infra.module.eks.data.aws_iam_role.custom_cluster_iam_role",
            "module.eks_infra.module.eks.data.aws_partition.current",
            "module.eks_infra.module.vpc.aws_subnet.private",
            "module.eks_infra.module.vpc.aws_vpc.this",
            "module.eks_infra.module.vpc.aws_vpc_ipv4_cidr_block_association.this"
          ],
          "create_before_destroy": true
        }
      ]
    },
    {
      "module": "module.eks_infra.module.eks",
      "mode": "managed",
      "type": "aws_iam_role_policy_attachment",
      "name": "cluster_AmazonEKSClusterPolicy",
      "provider": "module.eks_infra.provider[\"registry.terraform.io/hashicorp/aws\"]",
      "instances": [
        {
          "index_key": 0,
          "schema_version": 0,
          "attributes": {
            "id": "saliha-eks-cluster20250526112237614300000003-20250526112238766800000006",
            "policy_arn": "arn:aws:iam::aws:policy/AmazonEKSClusterPolicy",
            "role": "saliha-eks-cluster20250526112237614300000003"
          },
          "sensitive_attributes": [],
          "identity_schema_version": 0,
          "private": "bnVsbA==",
          "dependencies": [
            "module.eks_infra.module.eks.aws_iam_role.cluster",
            "module.eks_infra.module.eks.data.aws_iam_policy_document.cluster_assume_role_policy",
            "module.eks_infra.module.eks.data.aws_partition.current"
          ],
          "create_before_destroy": true
        }
      ]
    },
    {
      "module": "module.eks_infra.module.eks",
      "mode": "managed",
      "type": "aws_iam_role_policy_attachment",
      "name": "cluster_AmazonEKSServicePolicy",
      "provider": "module.eks_infra.provider[\"registry.terraform.io/hashicorp/aws\"]",
      "instances": [
        {
          "index_key": 0,
          "schema_version": 0,
          "attributes": {
            "id": "saliha-eks-cluster20250526112237614300000003-20250526112238740700000005",
            "policy_arn": "arn:aws:iam::aws:policy/AmazonEKSServicePolicy",
            "role": "saliha-eks-cluster20250526112237614300000003"
          },
          "sensitive_attributes": [],
          "identity_schema_version": 0,
          "private": "bnVsbA==",
          "dependencies": [
            "module.eks_infra.module.eks.aws_iam_role.cluster",
            "module.eks_infra.module.eks.data.aws_iam_policy_document.cluster_assume_role_policy",
            "module.eks_infra.module.eks.data.aws_partition.current"
          ],
          "create_before_destroy": true
        }
      ]
    },
    {
      "module": "module.eks_infra.module.eks",
      "mode": "managed",
      "type": "aws_iam_role_policy_attachment",
      "name": "cluster_AmazonEKSVPCResourceControllerPolicy",
      "provider": "module.eks_infra.provider[\"registry.terraform.io/hashicorp/aws\"]",
      "instances": [
        {
          "index_key": 0,
          "schema_version": 0,
          "attributes": {
            "id": "saliha-eks-cluster20250526112237614300000003-20250526112238871700000007",
            "policy_arn": "arn:aws:iam::aws:policy/AmazonEKSVPCResourceController",
            "role": "saliha-eks-cluster20250526112237614300000003"
          },
          "sensitive_attributes": [],
          "identity_schema_version": 0,
          "private": "bnVsbA==",
          "dependencies": [
            "module.eks_infra.module.eks.aws_iam_role.cluster",
            "module.eks_infra.module.eks.data.aws_iam_policy_document.cluster_assume_role_policy",
            "module.eks_infra.module.eks.data.aws_partition.current"
          ],
          "create_before_destroy": true
        }
      ]
    },
    {
      "module": "module.eks_infra.module.eks",
      "mode": "managed",
      "type": "aws_iam_role_policy_attachment",
      "name": "cluster_deny_log_group",
      "provider": "module.eks_infra.provider[\"registry.terraform.io/hashicorp/aws\"]",
      "instances": [
        {
          "index_key": 0,
          "schema_version": 0,
          "attributes": {
            "id": "saliha-eks-cluster20250526112237614300000003-20250526112238714200000004",
            "policy_arn": "arn:aws:iam::120569636577:policy/saliha-eks-cluster-deny-log-group20250526112237614200000002",
            "role": "saliha-eks-cluster20250526112237614300000003"
          },
          "sensitive_attributes": [],
          "identity_schema_version": 0,
          "private": "bnVsbA==",
          "dependencies": [
            "module.eks_infra.module.eks.aws_iam_policy.cluster_deny_log_group",
            "module.eks_infra.module.eks.aws_iam_role.cluster",
            "module.eks_infra.module.eks.data.aws_iam_policy_document.cluster_assume_role_policy",
            "module.eks_infra.module.eks.data.aws_iam_policy_document.cluster_deny_log_group"
          ]
        }
      ]
    },
    {
      "module": "module.eks_infra.module.eks",
      "mode": "managed",
      "type": "aws_iam_role_policy_attachment",
      "name": "cluster_elb_sl_role_creation",
      "provider": "module.eks_infra.provider[\"registry.terraform.io/hashicorp/aws\"]",
      "instances": [
        {
          "index_key": 0,
          "schema_version": 0,
          "attributes": {
            "id": "saliha-eks-cluster20250526112237614300000003-20250526112238906300000008",
            "policy_arn": "arn:aws:iam::120569636577:policy/saliha-eks-cluster-elb-sl-role-creation20250526112237614100000001",
            "role": "saliha-eks-cluster20250526112237614300000003"
          },
          "sensitive_attributes": [],
          "identity_schema_version": 0,
          "private": "bnVsbA==",
          "dependencies": [
            "module.eks_infra.module.eks.aws_iam_policy.cluster_elb_sl_role_creation",
            "module.eks_infra.module.eks.aws_iam_role.cluster",
            "module.eks_infra.module.eks.data.aws_iam_policy_document.cluster_assume_role_policy",
            "module.eks_infra.module.eks.data.aws_iam_policy_document.cluster_elb_sl_role_creation"
          ]
        }
      ]
    },
    {
      "module": "module.eks_infra.module.eks",
      "mode": "managed",
      "type": "aws_iam_role_policy_attachment",
      "name": "workers_AmazonEC2ContainerRegistryReadOnly",
      "provider": "module.eks_infra.provider[\"registry.terraform.io/hashicorp/aws\"]",
      "instances": [
        {
          "index_key": 0,
          "schema_version": 0,
          "attributes": {
            "id": "saliha-eks-cluster2025052611290903130000000e-2025052611291011500000000f",
            "policy_arn": "arn:aws:iam::aws:policy/AmazonEC2ContainerRegistryReadOnly",
            "role": "saliha-eks-cluster2025052611290903130000000e"
          },
          "sensitive_attributes": [],
          "identity_schema_version": 0,
          "private": "bnVsbA==",
          "dependencies": [
            "module.eks_infra.module.eks.aws_cloudwatch_log_group.this",
            "module.eks_infra.module.eks.aws_eks_cluster.this",
            "module.eks_infra.module.eks.aws_iam_role.cluster",
            "module.eks_infra.module.eks.aws_iam_role.workers",
            "module.eks_infra.module.eks.aws_iam_role_policy_attachment.cluster_AmazonEKSClusterPolicy",
            "module.eks_infra.module.eks.aws_iam_role_policy_attachment.cluster_AmazonEKSServicePolicy",
            "module.eks_infra.module.eks.aws_iam_role_policy_attachment.cluster_AmazonEKSVPCResourceControllerPolicy",
            "module.eks_infra.module.eks.aws_security_group.cluster",
            "module.eks_infra.module.eks.aws_security_group.workers",
            "module.eks_infra.module.eks.aws_security_group_rule.cluster_egress_internet",
            "module.eks_infra.module.eks.aws_security_group_rule.cluster_https_worker_ingress",
            "module.eks_infra.module.eks.data.aws_iam_policy_document.cluster_assume_role_policy",
            "module.eks_infra.module.eks.data.aws_iam_policy_document.workers_assume_role_policy",
            "module.eks_infra.module.eks.data.aws_iam_role.custom_cluster_iam_role",
            "module.eks_infra.module.eks.data.aws_partition.current",
            "module.eks_infra.module.vpc.aws_subnet.private",
            "module.eks_infra.module.vpc.aws_vpc.this",
            "module.eks_infra.module.vpc.aws_vpc_ipv4_cidr_block_association.this"
          ],
          "create_before_destroy": true
        }
      ]
    },
    {
      "module": "module.eks_infra.module.eks",
      "mode": "managed",
      "type": "aws_iam_role_policy_attachment",
      "name": "workers_AmazonEKSWorkerNodePolicy",
      "provider": "module.eks_infra.provider[\"registry.terraform.io/hashicorp/aws\"]",
      "instances": [
        {
          "index_key": 0,
          "schema_version": 0,
          "attributes": {
            "id": "saliha-eks-cluster2025052611290903130000000e-20250526112910434900000011",
            "policy_arn": "arn:aws:iam::aws:policy/AmazonEKSWorkerNodePolicy",
            "role": "saliha-eks-cluster2025052611290903130000000e"
          },
          "sensitive_attributes": [],
          "identity_schema_version": 0,
          "private": "bnVsbA==",
          "dependencies": [
            "module.eks_infra.module.eks.aws_cloudwatch_log_group.this",
            "module.eks_infra.module.eks.aws_eks_cluster.this",
            "module.eks_infra.module.eks.aws_iam_role.cluster",
            "module.eks_infra.module.eks.aws_iam_role.workers",
            "module.eks_infra.module.eks.aws_iam_role_policy_attachment.cluster_AmazonEKSClusterPolicy",
            "module.eks_infra.module.eks.aws_iam_role_policy_attachment.cluster_AmazonEKSServicePolicy",
            "module.eks_infra.module.eks.aws_iam_role_policy_attachment.cluster_AmazonEKSVPCResourceControllerPolicy",
            "module.eks_infra.module.eks.aws_security_group.cluster",
            "module.eks_infra.module.eks.aws_security_group.workers",
            "module.eks_infra.module.eks.aws_security_group_rule.cluster_egress_internet",
            "module.eks_infra.module.eks.aws_security_group_rule.cluster_https_worker_ingress",
            "module.eks_infra.module.eks.data.aws_iam_policy_document.cluster_assume_role_policy",
            "module.eks_infra.module.eks.data.aws_iam_policy_document.workers_assume_role_policy",
            "module.eks_infra.module.eks.data.aws_iam_role.custom_cluster_iam_role",
            "module.eks_infra.module.eks.data.aws_partition.current",
            "module.eks_infra.module.vpc.aws_subnet.private",
            "module.eks_infra.module.vpc.aws_vpc.this",
            "module.eks_infra.module.vpc.aws_vpc_ipv4_cidr_block_association.this"
          ],
          "create_before_destroy": true
        }
      ]
    },
    {
      "module": "module.eks_infra.module.eks",
      "mode": "managed",
      "type": "aws_iam_role_policy_attachment",
      "name": "workers_AmazonEKS_CNI_Policy",
      "provider": "module.eks_infra.provider[\"registry.terraform.io/hashicorp/aws\"]",
      "instances": [
        {
          "index_key": 0,
          "schema_version": 0,
          "attributes": {
            "id": "saliha-eks-cluster2025052611290903130000000e-20250526112910285500000010",
            "policy_arn": "arn:aws:iam::aws:policy/AmazonEKS_CNI_Policy",
            "role": "saliha-eks-cluster2025052611290903130000000e"
          },
          "sensitive_attributes": [],
          "identity_schema_version": 0,
          "private": "bnVsbA==",
          "dependencies": [
            "module.eks_infra.module.eks.aws_cloudwatch_log_group.this",
            "module.eks_infra.module.eks.aws_eks_cluster.this",
            "module.eks_infra.module.eks.aws_iam_role.cluster",
            "module.eks_infra.module.eks.aws_iam_role.workers",
            "module.eks_infra.module.eks.aws_iam_role_policy_attachment.cluster_AmazonEKSClusterPolicy",
            "module.eks_infra.module.eks.aws_iam_role_policy_attachment.cluster_AmazonEKSServicePolicy",
            "module.eks_infra.module.eks.aws_iam_role_policy_attachment.cluster_AmazonEKSVPCResourceControllerPolicy",
            "module.eks_infra.module.eks.aws_security_group.cluster",
            "module.eks_infra.module.eks.aws_security_group.workers",
            "module.eks_infra.module.eks.aws_security_group_rule.cluster_egress_internet",
            "module.eks_infra.module.eks.aws_security_group_rule.cluster_https_worker_ingress",
            "module.eks_infra.module.eks.data.aws_iam_policy_document.cluster_assume_role_policy",
            "module.eks_infra.module.eks.data.aws_iam_policy_document.workers_assume_role_policy",
            "module.eks_infra.module.eks.data.aws_iam_role.custom_cluster_iam_role",
            "module.eks_infra.module.eks.data.aws_partition.current",
            "module.eks_infra.module.vpc.aws_subnet.private",
            "module.eks_infra.module.vpc.aws_vpc.this",
            "module.eks_infra.module.vpc.aws_vpc_ipv4_cidr_block_association.this"
          ],
          "create_before_destroy": true
        }
      ]
    },
    {
      "module": "module.eks_infra.module.eks",
      "mode": "managed",
      "type": "aws_security_group",
      "name": "cluster",
      "provider": "module.eks_infra.provider[\"registry.terraform.io/hashicorp/aws\"]",
      "instances": [
        {
          "index_key": 0,
          "schema_version": 1,
          "attributes": {
            "arn": "arn:aws:ec2:eu-west-3:120569636577:security-group/sg-049a1931aa5103d55",
            "description": "EKS cluster security group.",
            "egress": [
              {
                "cidr_blocks": [
                  "0.0.0.0/0"
                ],
                "description": "Allow cluster egress access to the Internet.",
                "from_port": 0,
                "ipv6_cidr_blocks": [],
                "prefix_list_ids": [],
                "protocol": "-1",
                "security_groups": [],
                "self": false,
                "to_port": 0
              }
            ],
            "id": "sg-049a1931aa5103d55",
            "ingress": [
              {
                "cidr_blocks": [],
                "description": "Allow pods to communicate with the EKS cluster API.",
                "from_port": 443,
                "ipv6_cidr_blocks": [],
                "prefix_list_ids": [],
                "protocol": "tcp",
                "security_groups": [
                  "sg-0d0ba738aedc4abbe"
                ],
                "self": false,
                "to_port": 443
              }
            ],
            "name": "saliha-eks-cluster2025052611224950230000000b",
            "name_prefix": "saliha-eks-cluster",
            "owner_id": "120569636577",
            "revoke_rules_on_delete": false,
            "tags": {
              "Environment": "dev",
              "Name": "saliha-eks-cluster-eks_cluster_sg",
              "Terraform": "true"
            },
            "tags_all": {
              "Environment": "dev",
              "Name": "saliha-eks-cluster-eks_cluster_sg",
              "Terraform": "true"
            },
            "timeouts": null,
            "vpc_id": "vpc-0c9a5dbd137c089d6"
          },
          "sensitive_attributes": [],
          "identity_schema_version": 0,
          "private": "eyJlMmJmYjczMC1lY2FhLTExZTYtOGY4OC0zNDM2M2JjN2M0YzAiOnsiY3JlYXRlIjo2MDAwMDAwMDAwMDAsImRlbGV0ZSI6OTAwMDAwMDAwMDAwfSwic2NoZW1hX3ZlcnNpb24iOiIxIn0=",
          "dependencies": [
            "module.eks_infra.module.vpc.aws_vpc.this"
          ],
          "create_before_destroy": true
        }
      ]
    },
    {
      "module": "module.eks_infra.module.eks",
      "mode": "managed",
      "type": "aws_security_group",
      "name": "workers",
      "provider": "module.eks_infra.provider[\"registry.terraform.io/hashicorp/aws\"]",
      "instances": [
        {
          "index_key": 0,
          "schema_version": 1,
          "attributes": {
            "arn": "arn:aws:ec2:eu-west-3:120569636577:security-group/sg-0d0ba738aedc4abbe",
            "description": "Security group for all nodes in the cluster.",
            "egress": [
              {
                "cidr_blocks": [
                  "0.0.0.0/0"
                ],
                "description": "Allow nodes all egress to the Internet.",
                "from_port": 0,
                "ipv6_cidr_blocks": [],
                "prefix_list_ids": [],
                "protocol": "-1",
                "security_groups": [],
                "self": false,
                "to_port": 0
              }
            ],
            "id": "sg-0d0ba738aedc4abbe",
            "ingress": [
              {
                "cidr_blocks": [],
                "description": "Allow node to communicate with each other.",
                "from_port": 0,
                "ipv6_cidr_blocks": [],
                "prefix_list_ids": [],
                "protocol": "-1",
                "security_groups": [],
                "self": true,
                "to_port": 0
              },
              {
                "cidr_blocks": [],
                "description": "Allow pods running extension API servers on port 443 to receive communication from cluster control plane.",
                "from_port": 443,
                "ipv6_cidr_blocks": [],
                "prefix_list_ids": [],
                "protocol": "tcp",
                "security_groups": [
                  "sg-049a1931aa5103d55"
                ],
                "self": false,
                "to_port": 443
              },
              {
                "cidr_blocks": [],
                "description": "Allow workers pods to receive communication from the cluster control plane.",
                "from_port": 1025,
                "ipv6_cidr_blocks": [],
                "prefix_list_ids": [],
                "protocol": "tcp",
                "security_groups": [
                  "sg-049a1931aa5103d55"
                ],
                "self": false,
                "to_port": 65535
              }
            ],
            "name": "saliha-eks-cluster2025052611224947500000000a",
            "name_prefix": "saliha-eks-cluster",
            "owner_id": "120569636577",
            "revoke_rules_on_delete": false,
            "tags": {
              "Environment": "dev",
              "Name": "saliha-eks-cluster-eks_worker_sg",
              "Terraform": "true",
              "kubernetes.io/cluster/saliha-eks-cluster": "owned"
            },
            "tags_all": {
              "Environment": "dev",
              "Name": "saliha-eks-cluster-eks_worker_sg",
              "Terraform": "true",
              "kubernetes.io/cluster/saliha-eks-cluster": "owned"
            },
            "timeouts": null,
            "vpc_id": "vpc-0c9a5dbd137c089d6"
          },
          "sensitive_attributes": [],
          "identity_schema_version": 0,
          "private": "eyJlMmJmYjczMC1lY2FhLTExZTYtOGY4OC0zNDM2M2JjN2M0YzAiOnsiY3JlYXRlIjo2MDAwMDAwMDAwMDAsImRlbGV0ZSI6OTAwMDAwMDAwMDAwfSwic2NoZW1hX3ZlcnNpb24iOiIxIn0=",
          "dependencies": [
            "module.eks_infra.module.vpc.aws_vpc.this"
          ],
          "create_before_destroy": true
        }
      ]
    },
    {
      "module": "module.eks_infra.module.eks",
      "mode": "managed",
      "type": "aws_security_group_rule",
      "name": "cluster_egress_internet",
      "provider": "module.eks_infra.provider[\"registry.terraform.io/hashicorp/aws\"]",
      "instances": [
        {
          "index_key": 0,
          "schema_version": 2,
          "attributes": {
            "cidr_blocks": [
              "0.0.0.0/0"
            ],
            "description": "Allow cluster egress access to the Internet.",
            "from_port": 0,
            "id": "sgrule-1099039488",
            "ipv6_cidr_blocks": null,
            "prefix_list_ids": null,
            "protocol": "-1",
            "security_group_id": "sg-049a1931aa5103d55",
            "security_group_rule_id": "sgr-0d56927ddb282615d",
            "self": false,
            "source_security_group_id": null,
            "timeouts": null,
            "to_port": 0,
            "type": "egress"
          },
          "sensitive_attributes": [],
          "identity_schema_version": 0,
          "private": "eyJlMmJmYjczMC1lY2FhLTExZTYtOGY4OC0zNDM2M2JjN2M0YzAiOnsiY3JlYXRlIjozMDAwMDAwMDAwMDB9LCJzY2hlbWFfdmVyc2lvbiI6IjIifQ==",
          "dependencies": [
            "module.eks_infra.module.eks.aws_security_group.cluster",
            "module.eks_infra.module.vpc.aws_vpc.this"
          ],
          "create_before_destroy": true
        }
      ]
    },
    {
      "module": "module.eks_infra.module.eks",
      "mode": "managed",
      "type": "aws_security_group_rule",
      "name": "cluster_https_worker_ingress",
      "provider": "module.eks_infra.provider[\"registry.terraform.io/hashicorp/aws\"]",
      "instances": [
        {
          "index_key": 0,
          "schema_version": 2,
          "attributes": {
            "cidr_blocks": null,
            "description": "Allow pods to communicate with the EKS cluster API.",
            "from_port": 443,
            "id": "sgrule-2010466561",
            "ipv6_cidr_blocks": null,
            "prefix_list_ids": null,
            "protocol": "tcp",
            "security_group_id": "sg-049a1931aa5103d55",
            "security_group_rule_id": "sgr-09d4b9d978d06d613",
            "self": false,
            "source_security_group_id": "sg-0d0ba738aedc4abbe",
            "timeouts": null,
            "to_port": 443,
            "type": "ingress"
          },
          "sensitive_attributes": [],
          "identity_schema_version": 0,
          "private": "eyJlMmJmYjczMC1lY2FhLTExZTYtOGY4OC0zNDM2M2JjN2M0YzAiOnsiY3JlYXRlIjozMDAwMDAwMDAwMDB9LCJzY2hlbWFfdmVyc2lvbiI6IjIifQ==",
          "dependencies": [
            "module.eks_infra.module.eks.aws_security_group.cluster",
            "module.eks_infra.module.eks.aws_security_group.workers",
            "module.eks_infra.module.vpc.aws_vpc.this"
          ],
          "create_before_destroy": true
        }
      ]
    },
    {
      "module": "module.eks_infra.module.eks",
      "mode": "managed",
      "type": "aws_security_group_rule",
      "name": "workers_egress_internet",
      "provider": "module.eks_infra.provider[\"registry.terraform.io/hashicorp/aws\"]",
      "instances": [
        {
          "index_key": 0,
          "schema_version": 2,
          "attributes": {
            "cidr_blocks": [
              "0.0.0.0/0"
            ],
            "description": "Allow nodes all egress to the Internet.",
            "from_port": 0,
            "id": "sgrule-4147662241",
            "ipv6_cidr_blocks": null,
            "prefix_list_ids": null,
            "protocol": "-1",
            "security_group_id": "sg-0d0ba738aedc4abbe",
            "security_group_rule_id": "sgr-0b043ea560d2c21a2",
            "self": false,
            "source_security_group_id": null,
            "timeouts": null,
            "to_port": 0,
            "type": "egress"
          },
          "sensitive_attributes": [],
          "identity_schema_version": 0,
          "private": "eyJlMmJmYjczMC1lY2FhLTExZTYtOGY4OC0zNDM2M2JjN2M0YzAiOnsiY3JlYXRlIjozMDAwMDAwMDAwMDB9LCJzY2hlbWFfdmVyc2lvbiI6IjIifQ==",
          "dependencies": [
            "module.eks_infra.module.eks.aws_security_group.workers",
            "module.eks_infra.module.vpc.aws_vpc.this"
          ],
          "create_before_destroy": true
        }
      ]
    },
    {
      "module": "module.eks_infra.module.eks",
      "mode": "managed",
      "type": "aws_security_group_rule",
      "name": "workers_ingress_cluster",
      "provider": "module.eks_infra.provider[\"registry.terraform.io/hashicorp/aws\"]",
      "instances": [
        {
          "index_key": 0,
          "schema_version": 2,
          "attributes": {
            "cidr_blocks": null,
            "description": "Allow workers pods to receive communication from the cluster control plane.",
            "from_port": 1025,
            "id": "sgrule-284374241",
            "ipv6_cidr_blocks": null,
            "prefix_list_ids": null,
            "protocol": "tcp",
            "security_group_id": "sg-0d0ba738aedc4abbe",
            "security_group_rule_id": "sgr-0b828de5e1f4060e5",
            "self": false,
            "source_security_group_id": "sg-049a1931aa5103d55",
            "timeouts": null,
            "to_port": 65535,
            "type": "ingress"
          },
          "sensitive_attributes": [],
          "identity_schema_version": 0,
          "private": "eyJlMmJmYjczMC1lY2FhLTExZTYtOGY4OC0zNDM2M2JjN2M0YzAiOnsiY3JlYXRlIjozMDAwMDAwMDAwMDB9LCJzY2hlbWFfdmVyc2lvbiI6IjIifQ==",
          "dependencies": [
            "module.eks_infra.module.eks.aws_security_group.cluster",
            "module.eks_infra.module.eks.aws_security_group.workers",
            "module.eks_infra.module.vpc.aws_vpc.this"
          ],
          "create_before_destroy": true
        }
      ]
    },
    {
      "module": "module.eks_infra.module.eks",
      "mode": "managed",
      "type": "aws_security_group_rule",
      "name": "workers_ingress_cluster_https",
      "provider": "module.eks_infra.provider[\"registry.terraform.io/hashicorp/aws\"]",
      "instances": [
        {
          "index_key": 0,
          "schema_version": 2,
          "attributes": {
            "cidr_blocks": null,
            "description": "Allow pods running extension API servers on port 443 to receive communication from cluster control plane.",
            "from_port": 443,
            "id": "sgrule-190958985",
            "ipv6_cidr_blocks": null,
            "prefix_list_ids": null,
            "protocol": "tcp",
            "security_group_id": "sg-0d0ba738aedc4abbe",
            "security_group_rule_id": "sgr-0e7924f9f3cb092ab",
            "self": false,
            "source_security_group_id": "sg-049a1931aa5103d55",
            "timeouts": null,
            "to_port": 443,
            "type": "ingress"
          },
          "sensitive_attributes": [],
          "identity_schema_version": 0,
          "private": "eyJlMmJmYjczMC1lY2FhLTExZTYtOGY4OC0zNDM2M2JjN2M0YzAiOnsiY3JlYXRlIjozMDAwMDAwMDAwMDB9LCJzY2hlbWFfdmVyc2lvbiI6IjIifQ==",
          "dependencies": [
            "module.eks_infra.module.eks.aws_security_group.cluster",
            "module.eks_infra.module.eks.aws_security_group.workers",
            "module.eks_infra.module.vpc.aws_vpc.this"
          ],
          "create_before_destroy": true
        }
      ]
    },
    {
      "module": "module.eks_infra.module.eks",
      "mode": "managed",
      "type": "aws_security_group_rule",
      "name": "workers_ingress_self",
      "provider": "module.eks_infra.provider[\"registry.terraform.io/hashicorp/aws\"]",
      "instances": [
        {
          "index_key": 0,
          "schema_version": 2,
          "attributes": {
            "cidr_blocks": null,
            "description": "Allow node to communicate with each other.",
            "from_port": 0,
            "id": "sgrule-3705974728",
            "ipv6_cidr_blocks": null,
            "prefix_list_ids": null,
            "protocol": "-1",
            "security_group_id": "sg-0d0ba738aedc4abbe",
            "security_group_rule_id": "sgr-079fab8d88f86158a",
            "self": false,
            "source_security_group_id": "sg-0d0ba738aedc4abbe",
            "timeouts": null,
            "to_port": 0,
            "type": "ingress"
          },
          "sensitive_attributes": [],
          "identity_schema_version": 0,
          "private": "eyJlMmJmYjczMC1lY2FhLTExZTYtOGY4OC0zNDM2M2JjN2M0YzAiOnsiY3JlYXRlIjozMDAwMDAwMDAwMDB9LCJzY2hlbWFfdmVyc2lvbiI6IjIifQ==",
          "dependencies": [
            "module.eks_infra.module.eks.aws_security_group.workers",
            "module.eks_infra.module.vpc.aws_vpc.this"
          ],
          "create_before_destroy": true
        }
      ]
    },
    {
      "module": "module.eks_infra.module.eks",
      "mode": "managed",
      "type": "kubernetes_config_map",
      "name": "aws_auth",
      "provider": "module.eks_infra.provider[\"registry.terraform.io/hashicorp/kubernetes\"]",
      "instances": [
        {
          "index_key": 0,
          "schema_version": 0,
          "attributes": {
            "binary_data": null,
            "data": {
              "mapAccounts": "[]\n",
              "mapRoles": "- \"groups\":\n  - \"system:bootstrappers\"\n  - \"system:nodes\"\n  \"rolearn\": \"arn:aws:iam::120569636577:role/saliha-eks-cluster2025052611290903130000000e\"\n  \"username\": \"system:node:{{EC2PrivateDNSName}}\"\n",
              "mapUsers": "[]\n"
            },
            "id": "kube-system/aws-auth",
            "immutable": false,
            "metadata": [
              {
                "annotations": null,
                "generate_name": "",
                "generation": 0,
                "labels": {
                  "app.kubernetes.io/managed-by": "Terraform",
                  "terraform.io/module": "terraform-aws-modules.eks.aws"
                },
                "name": "aws-auth",
                "namespace": "kube-system",
                "resource_version": "12569",
                "uid": "f6e8ab08-03e6-4ecb-9fdb-ffafe7c8487d"
              }
            ]
          },
          "sensitive_attributes": [],
          "identity_schema_version": 1,
          "identity": {
            "api_version": "v1",
            "kind": "ConfigMap",
            "name": "aws-auth",
            "namespace": "kube-system"
          },
          "private": "bnVsbA==",
          "dependencies": [
            "module.eks_infra.data.aws_eks_cluster_auth.cluster",
            "module.eks_infra.module.eks.aws_cloudwatch_log_group.this",
            "module.eks_infra.module.eks.aws_eks_cluster.this",
            "module.eks_infra.module.eks.aws_iam_instance_profile.workers",
            "module.eks_infra.module.eks.aws_iam_instance_profile.workers_launch_template",
            "module.eks_infra.module.eks.aws_iam_role.cluster",
            "module.eks_infra.module.eks.aws_iam_role.workers",
            "module.eks_infra.module.eks.aws_iam_role_policy_attachment.cluster_AmazonEKSClusterPolicy",
            "module.eks_infra.module.eks.aws_iam_role_policy_attachment.cluster_AmazonEKSServicePolicy",
            "module.eks_infra.module.eks.aws_iam_role_policy_attachment.cluster_AmazonEKSVPCResourceControllerPolicy",
            "module.eks_infra.module.eks.aws_iam_role_policy_attachment.workers_AmazonEC2ContainerRegistryReadOnly",
            "module.eks_infra.module.eks.aws_iam_role_policy_attachment.workers_AmazonEKSWorkerNodePolicy",
            "module.eks_infra.module.eks.aws_iam_role_policy_attachment.workers_AmazonEKS_CNI_Policy",
            "module.eks_infra.module.eks.aws_security_group.cluster",
            "module.eks_infra.module.eks.aws_security_group.workers",
            "module.eks_infra.module.eks.aws_security_group_rule.cluster_egress_internet",
            "module.eks_infra.module.eks.aws_security_group_rule.cluster_https_worker_ingress",
            "module.eks_infra.module.eks.aws_security_group_rule.cluster_private_access_cidrs_source",
            "module.eks_infra.module.eks.aws_security_group_rule.cluster_private_access_sg_source",
            "module.eks_infra.module.eks.data.aws_ami.eks_worker",
            "module.eks_infra.module.eks.data.aws_ami.eks_worker_windows",
            "module.eks_infra.module.eks.data.aws_caller_identity.current",
            "module.eks_infra.module.eks.data.aws_iam_instance_profile.custom_worker_group_iam_instance_profile",
            "module.eks_infra.module.eks.data.aws_iam_instance_profile.custom_worker_group_launch_template_iam_instance_profile",
            "module.eks_infra.module.eks.data.aws_iam_policy_document.cluster_assume_role_policy",
            "module.eks_infra.module.eks.data.aws_iam_policy_document.workers_assume_role_policy",
            "module.eks_infra.module.eks.data.aws_iam_role.custom_cluster_iam_role",
            "module.eks_infra.module.eks.data.aws_partition.current",
            "module.eks_infra.module.eks.data.http.wait_for_cluster",
            "module.eks_infra.module.eks.module.fargate.aws_iam_role.eks_fargate_pod",
            "module.eks_infra.module.eks.module.fargate.data.aws_iam_policy_document.eks_fargate_pod_assume_role",
            "module.eks_infra.module.eks.module.fargate.data.aws_iam_role.custom_fargate_iam_role",
            "module.eks_infra.module.vpc.aws_subnet.private",
            "module.eks_infra.module.vpc.aws_vpc.this",
            "module.eks_infra.module.vpc.aws_vpc_ipv4_cidr_block_association.this"
          ]
        }
      ]
    },
    {
      "module": "module.eks_infra.module.eks",
      "mode": "managed",
      "type": "local_file",
      "name": "kubeconfig",
      "provider": "provider[\"registry.terraform.io/hashicorp/local\"]",
      "instances": [
        {
          "index_key": 0,
          "schema_version": 0,
          "attributes": {
            "content": "apiVersion: v1\npreferences: {}\nkind: Config\n\nclusters:\n- cluster:\n    server: https://0AF96B0D237D1D59D0113C6099FEDDFA.gr7.eu-west-3.eks.amazonaws.com\n    certificate-authority-data: LS0tLS1CRUdJTiBDRVJUSUZJQ0FURS0tLS0tCk1JSURCVENDQWUyZ0F3SUJBZ0lJYkYzN0R6WXVkQkl3RFFZSktvWklodmNOQVFFTEJRQXdGVEVUTUJFR0ExVUUKQXhNS2EzVmlaWEp1WlhSbGN6QWVGdzB5TlRBMU1qWXhNVEl5TVRWYUZ3MHpOVEExTWpReE1USTNNVFZhTUJVeApFekFSQmdOVkJBTVRDbXQxWW1WeWJtVjBaWE13Z2dFaU1BMEdDU3FHU0liM0RRRUJBUVVBQTRJQkR3QXdnZ0VLCkFvSUJBUURmMjJ3YTJmaGJGRDN6R1JUYWlUbjd2RFRjeWhGbjRTQmZFby8wZWJCQnJ2VHFKYTdkVnlpNEJRZm4KN3p5RmZnR1FlVmRYUUU1UnVwVmxEb0xUc3g4YytEM3RXYzAxYU51Rm1oR2p2UVhTUytSeWRHdXR1K2xpVm44NwpPUE9wNVZqT3dXRUNNZlpzNS9RK2FodlJka2UxcldRaUFDK3JVNHMxNGVOQUFuQjNNeXN3RGw2NnhqZmJvdm9hCkdVcjluSU5YaVlNQzBMU29TUU5RUFBUQmM5RXU5dnEwT2ZhUEJlSlBZckpHSHJEZEtDbmhXWWpTMWZPSC9BTEUKRGhZZTN4QVhicUdqa2k5UTluSSt0ODArcVhBdVpYTnRRQkxYSy93TkV5TEJ0K1F5c0xYcThGVWRvdlZEM0VhNQp1NDFTQ3luVUZzMHROV2QzS0xUUDNrcUMyQ1NEQWdNQkFBR2pXVEJYTUE0R0ExVWREd0VCL3dRRUF3SUNwREFQCkJnTlZIUk1CQWY4RUJUQURBUUgvTUIwR0ExVWREZ1FXQkJUZ1c1WWVPbzA1bm1zTGx6OVRTbUg0S2hFV05EQVYKQmdOVkhSRUVEakFNZ2dwcmRXSmxjbTVsZEdWek1BMEdDU3FHU0liM0RRRUJDd1VBQTRJQkFRQ2dpaE1SUGo4WgpIczJBNStZRmF4QlcrQThJYjh0azJHY25xREVjQXRneXMyTWZpMGh4aHEzNzFRdDBpQzBhRW43NE5qb0tpRlNzCkVVdnRXbXJWT2tSdUZzSUt5RExHOTQxNER2RlZBNFltdDNOV0MxV2p0NFhRZ0YrTkYyL1B1THArYjNUQVRQQUgKRjlNWDAvaTladGRDY09nbjc5OWVMdFoxMUFlV2htQmw3WEpLSStaQmdDYmhPV0RNMUI2SkVvam1nc25xRHlMYgptdHczblhsR2V2M3djVklFNjhVNnFqM2dxaTQ0eGFycmZYZnUwVHB3SFkvcFgzQ0V5U1NLZHgzVFhFeXptMW9LCnZIeVFjdmlXYWJNNnhyU05xa05MMDY2a3J0ajVzS1B3L2VOYVl6dEQzekxzMGY1M1JyTzNSY0NKMXVkQVlZVnkKY0ZDTUduTnhwejdUCi0tLS0tRU5EIENFUlRJRklDQVRFLS0tLS0K\n  name: eks_saliha-eks-cluster\n\ncontexts:\n- context:\n    cluster: eks_saliha-eks-cluster\n    user: eks_saliha-eks-cluster\n  name: eks_saliha-eks-cluster\n\ncurrent-context: eks_saliha-eks-cluster\n\nusers:\n- name: eks_saliha-eks-cluster\n  user:\n    exec:\n      apiVersion: client.authentication.k8s.io/v1alpha1\n      command: aws-iam-authenticator\n      args:\n        - \"token\"\n        - \"-i\"\n        - \"saliha-eks-cluster\"\n",
            "content_base64": null,
            "content_base64sha256": "xeZ+AuDCPRVjFeh9Ne1R336gepNCdpG2wfyw/rw4iXE=",
            "content_base64sha512": "Jws2MkIBkv4CQKv98Slc9FZowSPe8QWLLMyUkM6o38voEx4fnoSS8eGfrruGMB5aF+LknIuOg5A1Eat5Ic7nzw==",
            "content_md5": "bd6684dc60c75cd314b6c645875904b8",
            "content_sha1": "f0c211d94a5300e0ab8c29eb5d81460e7529c0de",
            "content_sha256": "c5e67e02e0c23d156315e87d35ed51df7ea07a93427691b6c1fcb0febc388971",
            "content_sha512": "270b3632420192fe0240abfdf1295cf45668c123def1058b2ccc9490cea8dfcbe8131e1f9e8492f1e19faebb86301e5a17e2e49c8b8e83903511ab7921cee7cf",
            "directory_permission": "0755",
            "file_permission": "0600",
            "filename": "./kubeconfig_saliha-eks-cluster",
            "id": "f0c211d94a5300e0ab8c29eb5d81460e7529c0de",
            "sensitive_content": null,
            "source": null
          },
          "sensitive_attributes": [
            [
              {
                "type": "get_attr",
                "value": "sensitive_content"
              }
            ]
          ],
          "identity_schema_version": 0,
          "dependencies": [
            "module.eks_infra.module.eks.aws_cloudwatch_log_group.this",
            "module.eks_infra.module.eks.aws_eks_cluster.this",
            "module.eks_infra.module.eks.aws_iam_role.cluster",
            "module.eks_infra.module.eks.aws_iam_role_policy_attachment.cluster_AmazonEKSClusterPolicy",
            "module.eks_infra.module.eks.aws_iam_role_policy_attachment.cluster_AmazonEKSServicePolicy",
            "module.eks_infra.module.eks.aws_iam_role_policy_attachment.cluster_AmazonEKSVPCResourceControllerPolicy",
            "module.eks_infra.module.eks.aws_security_group.cluster",
            "module.eks_infra.module.eks.aws_security_group.workers",
            "module.eks_infra.module.eks.aws_security_group_rule.cluster_egress_internet",
            "module.eks_infra.module.eks.aws_security_group_rule.cluster_https_worker_ingress",
            "module.eks_infra.module.eks.data.aws_iam_policy_document.cluster_assume_role_policy",
            "module.eks_infra.module.eks.data.aws_iam_role.custom_cluster_iam_role",
            "module.eks_infra.module.eks.data.aws_partition.current",
            "module.eks_infra.module.vpc.aws_subnet.private",
            "module.eks_infra.module.vpc.aws_vpc.this",
            "module.eks_infra.module.vpc.aws_vpc_ipv4_cidr_block_association.this"
          ]
        }
      ]
    },
    {
      "module": "module.eks_infra.module.eks.module.fargate",
      "mode": "data",
      "type": "aws_partition",
      "name": "current",
      "provider": "module.eks_infra.provider[\"registry.terraform.io/hashicorp/aws\"]",
      "instances": [
        {
          "schema_version": 0,
          "attributes": {
            "dns_suffix": "amazonaws.com",
            "id": "aws",
            "partition": "aws",
            "reverse_dns_prefix": "com.amazonaws"
          },
          "sensitive_attributes": [],
          "identity_schema_version": 0
        }
      ]
    },
    {
      "module": "module.eks_infra.module.eks.module.node_groups",
      "mode": "managed",
      "type": "aws_eks_node_group",
      "name": "workers",
      "provider": "module.eks_infra.provider[\"registry.terraform.io/hashicorp/aws\"]",
      "instances": [
        {
          "index_key": "default",
          "schema_version": 0,
          "attributes": {
            "ami_type": "AL2_x86_64",
            "arn": "arn:aws:eks:eu-west-3:120569636577:nodegroup/saliha-eks-cluster/saliha-eks-cluster-default20250526112910626600000012/b2cb862d-4615-3057-bc44-18542cd943a1",
            "capacity_type": "ON_DEMAND",
            "cluster_name": "saliha-eks-cluster",
            "disk_size": 100,
            "force_update_version": null,
            "id": "saliha-eks-cluster:saliha-eks-cluster-default20250526112910626600000012",
            "instance_types": [
              "t3.micro"
            ],
            "labels": {},
            "launch_template": [],
            "node_group_name": "saliha-eks-cluster-default20250526112910626600000012",
            "node_group_name_prefix": "saliha-eks-cluster-default",
            "node_repair_config": [],
            "node_role_arn": "arn:aws:iam::120569636577:role/saliha-eks-cluster2025052611290903130000000e",
            "release_version": "1.27.16-20250519",
            "remote_access": [],
            "resources": [
              {
                "autoscaling_groups": [
                  {
                    "name": "eks-saliha-eks-cluster-default20250526112910626600000012-b2cb862d-4615-3057-bc44-18542cd943a1"
                  }
                ],
                "remote_access_security_group_id": ""
              }
            ],
            "scaling_config": [
              {
                "desired_size": 1,
                "max_size": 1,
                "min_size": 1
              }
            ],
            "status": "ACTIVE",
            "subnet_ids": [
              "subnet-055a14bf206a85d7d",
              "subnet-0a6faeac7b01568a3",
              "subnet-0c3ff6ddba1d3e756"
            ],
            "tags": {
              "Environment": "dev",
              "Terraform": "true"
            },
            "tags_all": {
              "Environment": "dev",
              "Terraform": "true"
            },
            "taint": [],
            "timeouts": {
              "create": null,
              "delete": null,
              "update": null
            },
            "update_config": [
              {
                "max_unavailable": 1,
                "max_unavailable_percentage": 0
              }
            ],
            "version": "1.27"
          },
          "sensitive_attributes": [],
          "identity_schema_version": 0,
          "private": "eyJlMmJmYjczMC1lY2FhLTExZTYtOGY4OC0zNDM2M2JjN2M0YzAiOnsiY3JlYXRlIjozNjAwMDAwMDAwMDAwLCJkZWxldGUiOjM2MDAwMDAwMDAwMDAsInVwZGF0ZSI6MzYwMDAwMDAwMDAwMH19",
          "dependencies": [
            "module.eks_infra.module.eks.aws_cloudwatch_log_group.this",
            "module.eks_infra.module.eks.aws_eks_cluster.this",
            "module.eks_infra.module.eks.aws_iam_role.cluster",
            "module.eks_infra.module.eks.aws_iam_role.workers",
            "module.eks_infra.module.eks.aws_iam_role_policy_attachment.cluster_AmazonEKSClusterPolicy",
            "module.eks_infra.module.eks.aws_iam_role_policy_attachment.cluster_AmazonEKSServicePolicy",
            "module.eks_infra.module.eks.aws_iam_role_policy_attachment.cluster_AmazonEKSVPCResourceControllerPolicy",
            "module.eks_infra.module.eks.aws_iam_role_policy_attachment.workers_AmazonEC2ContainerRegistryReadOnly",
            "module.eks_infra.module.eks.aws_iam_role_policy_attachment.workers_AmazonEKSWorkerNodePolicy",
            "module.eks_infra.module.eks.aws_iam_role_policy_attachment.workers_AmazonEKS_CNI_Policy",
            "module.eks_infra.module.eks.aws_security_group.cluster",
            "module.eks_infra.module.eks.aws_security_group.workers",
            "module.eks_infra.module.eks.aws_security_group_rule.cluster_egress_internet",
            "module.eks_infra.module.eks.aws_security_group_rule.cluster_https_worker_ingress",
            "module.eks_infra.module.eks.data.aws_ami.eks_worker",
            "module.eks_infra.module.eks.data.aws_ami.eks_worker_windows",
            "module.eks_infra.module.eks.data.aws_iam_policy_document.cluster_assume_role_policy",
            "module.eks_infra.module.eks.data.aws_iam_policy_document.workers_assume_role_policy",
            "module.eks_infra.module.eks.data.aws_iam_role.custom_cluster_iam_role",
            "module.eks_infra.module.eks.data.aws_partition.current",
            "module.eks_infra.module.eks.module.node_groups.aws_launch_template.workers",
            "module.eks_infra.module.eks.module.node_groups.data.cloudinit_config.workers_userdata",
            "module.eks_infra.module.vpc.aws_subnet.private",
            "module.eks_infra.module.vpc.aws_vpc.this",
            "module.eks_infra.module.vpc.aws_vpc_ipv4_cidr_block_association.this"
          ],
          "create_before_destroy": true
        }
      ]
    },
    {
      "module": "module.eks_infra.module.vpc",
      "mode": "managed",
      "type": "aws_default_network_acl",
      "name": "this",
      "provider": "module.eks_infra.provider[\"registry.terraform.io/hashicorp/aws\"]",
      "instances": [
        {
          "index_key": 0,
          "schema_version": 0,
          "attributes": {
            "arn": "arn:aws:ec2:eu-west-3:120569636577:network-acl/acl-01ce27c0c0cd77381",
            "default_network_acl_id": "acl-01ce27c0c0cd77381",
            "egress": [
              {
                "action": "allow",
                "cidr_block": "",
                "from_port": 0,
                "icmp_code": 0,
                "icmp_type": 0,
                "ipv6_cidr_block": "::/0",
                "protocol": "-1",
                "rule_no": 101,
                "to_port": 0
              },
              {
                "action": "allow",
                "cidr_block": "0.0.0.0/0",
                "from_port": 0,
                "icmp_code": 0,
                "icmp_type": 0,
                "ipv6_cidr_block": "",
                "protocol": "-1",
                "rule_no": 100,
                "to_port": 0
              }
            ],
            "id": "acl-01ce27c0c0cd77381",
            "ingress": [
              {
                "action": "allow",
                "cidr_block": "",
                "from_port": 0,
                "icmp_code": 0,
                "icmp_type": 0,
                "ipv6_cidr_block": "::/0",
                "protocol": "-1",
                "rule_no": 101,
                "to_port": 0
              },
              {
                "action": "allow",
                "cidr_block": "0.0.0.0/0",
                "from_port": 0,
                "icmp_code": 0,
                "icmp_type": 0,
                "ipv6_cidr_block": "",
                "protocol": "-1",
                "rule_no": 100,
                "to_port": 0
              }
            ],
            "owner_id": "120569636577",
            "subnet_ids": [
              "subnet-055a14bf206a85d7d",
              "subnet-05e076d6be9b9037a",
              "subnet-0a6faeac7b01568a3",
              "subnet-0c3ff6ddba1d3e756",
              "subnet-0d035c4bd6228bb69",
              "subnet-0e0b484cce11a3070"
            ],
            "tags": {
              "Environment": "dev",
              "Name": "saliha-vpc-default",
              "Terraform": "true"
            },
            "tags_all": {
              "Environment": "dev",
              "Name": "saliha-vpc-default",
              "Terraform": "true"
            },
            "vpc_id": "vpc-0c9a5dbd137c089d6"
          },
          "sensitive_attributes": [],
          "identity_schema_version": 0,
          "private": "bnVsbA==",
          "dependencies": [
            "module.eks_infra.module.vpc.aws_vpc.this"
          ]
        }
      ]
    },
    {
      "module": "module.eks_infra.module.vpc",
      "mode": "managed",
      "type": "aws_default_route_table",
      "name": "default",
      "provider": "module.eks_infra.provider[\"registry.terraform.io/hashicorp/aws\"]",
      "instances": [
        {
          "index_key": 0,
          "schema_version": 0,
          "attributes": {
            "arn": "arn:aws:ec2:eu-west-3:120569636577:route-table/rtb-04e684a4838d3b185",
            "default_route_table_id": "rtb-04e684a4838d3b185",
            "id": "rtb-04e684a4838d3b185",
            "owner_id": "120569636577",
            "propagating_vgws": [],
            "route": [],
            "tags": {
              "Environment": "dev",
              "Name": "saliha-vpc-default",
              "Terraform": "true"
            },
            "tags_all": {
              "Environment": "dev",
              "Name": "saliha-vpc-default",
              "Terraform": "true"
            },
            "timeouts": {
              "create": "5m",
              "update": "5m"
            },
            "vpc_id": "vpc-0c9a5dbd137c089d6"
          },
          "sensitive_attributes": [],
          "identity_schema_version": 0,
          "private": "eyJlMmJmYjczMC1lY2FhLTExZTYtOGY4OC0zNDM2M2JjN2M0YzAiOnsiY3JlYXRlIjozMDAwMDAwMDAwMDAsInVwZGF0ZSI6MzAwMDAwMDAwMDAwfX0=",
          "dependencies": [
            "module.eks_infra.module.vpc.aws_vpc.this"
          ]
        }
      ]
    },
    {
      "module": "module.eks_infra.module.vpc",
      "mode": "managed",
      "type": "aws_default_security_group",
      "name": "this",
      "provider": "module.eks_infra.provider[\"registry.terraform.io/hashicorp/aws\"]",
      "instances": [
        {
          "index_key": 0,
          "schema_version": 1,
          "attributes": {
            "arn": "arn:aws:ec2:eu-west-3:120569636577:security-group/sg-0849053d953e8f96f",
            "description": "default VPC security group",
            "egress": [],
            "id": "sg-0849053d953e8f96f",
            "ingress": [],
            "name": "default",
            "name_prefix": "",
            "owner_id": "120569636577",
            "revoke_rules_on_delete": false,
            "tags": {
              "Environment": "dev",
              "Name": "saliha-vpc-default",
              "Terraform": "true"
            },
            "tags_all": {
              "Environment": "dev",
              "Name": "saliha-vpc-default",
              "Terraform": "true"
            },
            "vpc_id": "vpc-0c9a5dbd137c089d6"
          },
          "sensitive_attributes": [],
          "identity_schema_version": 0,
          "private": "eyJzY2hlbWFfdmVyc2lvbiI6IjEifQ==",
          "dependencies": [
            "module.eks_infra.module.vpc.aws_vpc.this"
          ]
        }
      ]
    },
    {
      "module": "module.eks_infra.module.vpc",
      "mode": "managed",
      "type": "aws_eip",
      "name": "nat",
      "provider": "module.eks_infra.provider[\"registry.terraform.io/hashicorp/aws\"]",
      "instances": [
        {
          "index_key": 0,
          "schema_version": 0,
          "attributes": {
            "address": null,
            "allocation_id": "eipalloc-0e617c7069be2d2b0",
            "arn": "arn:aws:ec2:eu-west-3:120569636577:elastic-ip/eipalloc-0e617c7069be2d2b0",
            "associate_with_private_ip": null,
            "association_id": "eipassoc-01f7f63d5d789c67a",
            "carrier_ip": "",
            "customer_owned_ip": "",
            "customer_owned_ipv4_pool": "",
            "domain": "vpc",
            "id": "eipalloc-0e617c7069be2d2b0",
            "instance": "",
            "ipam_pool_id": null,
            "network_border_group": "eu-west-3",
            "network_interface": "eni-005fad046a5d7a412",
            "private_dns": "ip-10-0-101-165.eu-west-3.compute.internal",
            "private_ip": "10.0.101.165",
            "ptr_record": "",
            "public_dns": "ec2-35-181-29-208.eu-west-3.compute.amazonaws.com",
            "public_ip": "35.181.29.208",
            "public_ipv4_pool": "amazon",
            "tags": {
              "Environment": "dev",
              "Name": "saliha-vpc-eu-west-3a",
              "Terraform": "true"
            },
            "tags_all": {
              "Environment": "dev",
              "Name": "saliha-vpc-eu-west-3a",
              "Terraform": "true"
            },
            "timeouts": null,
            "vpc": true
          },
          "sensitive_attributes": [],
          "identity_schema_version": 0,
          "private": "eyJlMmJmYjczMC1lY2FhLTExZTYtOGY4OC0zNDM2M2JjN2M0YzAiOnsiZGVsZXRlIjoxODAwMDAwMDAwMDAsInJlYWQiOjkwMDAwMDAwMDAwMCwidXBkYXRlIjozMDAwMDAwMDAwMDB9fQ==",
          "dependencies": [
            "module.eks_infra.module.vpc.aws_internet_gateway.this",
            "module.eks_infra.module.vpc.aws_vpc.this",
            "module.eks_infra.module.vpc.aws_vpc_ipv4_cidr_block_association.this"
          ]
        }
      ]
    },
    {
      "module": "module.eks_infra.module.vpc",
      "mode": "managed",
      "type": "aws_internet_gateway",
      "name": "this",
      "provider": "module.eks_infra.provider[\"registry.terraform.io/hashicorp/aws\"]",
      "instances": [
        {
          "index_key": 0,
          "schema_version": 0,
          "attributes": {
            "arn": "arn:aws:ec2:eu-west-3:120569636577:internet-gateway/igw-0add3c404832fd551",
            "id": "igw-0add3c404832fd551",
            "owner_id": "120569636577",
            "tags": {
              "Environment": "dev",
              "Name": "saliha-vpc",
              "Terraform": "true"
            },
            "tags_all": {
              "Environment": "dev",
              "Name": "saliha-vpc",
              "Terraform": "true"
            },
            "timeouts": null,
            "vpc_id": "vpc-0c9a5dbd137c089d6"
          },
          "sensitive_attributes": [],
          "identity_schema_version": 0,
          "private": "eyJlMmJmYjczMC1lY2FhLTExZTYtOGY4OC0zNDM2M2JjN2M0YzAiOnsiY3JlYXRlIjoxMjAwMDAwMDAwMDAwLCJkZWxldGUiOjEyMDAwMDAwMDAwMDAsInVwZGF0ZSI6MTIwMDAwMDAwMDAwMH19",
          "dependencies": [
            "module.eks_infra.module.vpc.aws_vpc.this",
            "module.eks_infra.module.vpc.aws_vpc_ipv4_cidr_block_association.this"
          ]
        }
      ]
    },
    {
      "module": "module.eks_infra.module.vpc",
      "mode": "managed",
      "type": "aws_nat_gateway",
      "name": "this",
      "provider": "module.eks_infra.provider[\"registry.terraform.io/hashicorp/aws\"]",
      "instances": [
        {
          "index_key": 0,
          "schema_version": 0,
          "attributes": {
            "allocation_id": "eipalloc-0e617c7069be2d2b0",
            "association_id": "eipassoc-01f7f63d5d789c67a",
            "connectivity_type": "public",
            "id": "nat-0b02012c87c79a49e",
            "network_interface_id": "eni-005fad046a5d7a412",
            "private_ip": "10.0.101.165",
            "public_ip": "35.181.29.208",
            "secondary_allocation_ids": [],
            "secondary_private_ip_address_count": 0,
            "secondary_private_ip_addresses": [],
            "subnet_id": "subnet-05e076d6be9b9037a",
            "tags": {
              "Environment": "dev",
              "Name": "saliha-vpc-eu-west-3a",
              "Terraform": "true"
            },
            "tags_all": {
              "Environment": "dev",
              "Name": "saliha-vpc-eu-west-3a",
              "Terraform": "true"
            },
            "timeouts": null
          },
          "sensitive_attributes": [],
          "identity_schema_version": 0,
          "private": "eyJlMmJmYjczMC1lY2FhLTExZTYtOGY4OC0zNDM2M2JjN2M0YzAiOnsiY3JlYXRlIjo2MDAwMDAwMDAwMDAsImRlbGV0ZSI6MTgwMDAwMDAwMDAwMCwidXBkYXRlIjo2MDAwMDAwMDAwMDB9fQ==",
          "dependencies": [
            "module.eks_infra.module.vpc.aws_eip.nat",
            "module.eks_infra.module.vpc.aws_internet_gateway.this",
            "module.eks_infra.module.vpc.aws_subnet.public",
            "module.eks_infra.module.vpc.aws_vpc.this",
            "module.eks_infra.module.vpc.aws_vpc_ipv4_cidr_block_association.this"
          ]
        }
      ]
    },
    {
      "module": "module.eks_infra.module.vpc",
      "mode": "managed",
      "type": "aws_route",
      "name": "private_nat_gateway",
      "provider": "module.eks_infra.provider[\"registry.terraform.io/hashicorp/aws\"]",
      "instances": [
        {
          "index_key": 0,
          "schema_version": 0,
          "attributes": {
            "carrier_gateway_id": "",
            "core_network_arn": "",
            "destination_cidr_block": "0.0.0.0/0",
            "destination_ipv6_cidr_block": "",
            "destination_prefix_list_id": "",
            "egress_only_gateway_id": "",
            "gateway_id": "",
            "id": "r-rtb-0b6658d9b79e063ab1080289494",
            "instance_id": "",
            "instance_owner_id": "",
            "local_gateway_id": "",
            "nat_gateway_id": "nat-0b02012c87c79a49e",
            "network_interface_id": "",
            "origin": "CreateRoute",
            "route_table_id": "rtb-0b6658d9b79e063ab",
            "state": "active",
            "timeouts": {
              "create": "5m",
              "delete": null,
              "update": null
            },
            "transit_gateway_id": "",
            "vpc_endpoint_id": "",
            "vpc_peering_connection_id": ""
          },
          "sensitive_attributes": [],
          "identity_schema_version": 0,
          "private": "eyJlMmJmYjczMC1lY2FhLTExZTYtOGY4OC0zNDM2M2JjN2M0YzAiOnsiY3JlYXRlIjozMDAwMDAwMDAwMDAsImRlbGV0ZSI6MzAwMDAwMDAwMDAwLCJ1cGRhdGUiOjEyMDAwMDAwMDAwMH19",
          "dependencies": [
            "module.eks_infra.module.vpc.aws_eip.nat",
            "module.eks_infra.module.vpc.aws_internet_gateway.this",
            "module.eks_infra.module.vpc.aws_nat_gateway.this",
            "module.eks_infra.module.vpc.aws_route_table.private",
            "module.eks_infra.module.vpc.aws_subnet.public",
            "module.eks_infra.module.vpc.aws_vpc.this",
            "module.eks_infra.module.vpc.aws_vpc_ipv4_cidr_block_association.this"
          ]
        }
      ]
    },
    {
      "module": "module.eks_infra.module.vpc",
      "mode": "managed",
      "type": "aws_route",
      "name": "public_internet_gateway",
      "provider": "module.eks_infra.provider[\"registry.terraform.io/hashicorp/aws\"]",
      "instances": [
        {
          "index_key": 0,
          "schema_version": 0,
          "attributes": {
            "carrier_gateway_id": "",
            "core_network_arn": "",
            "destination_cidr_block": "0.0.0.0/0",
            "destination_ipv6_cidr_block": "",
            "destination_prefix_list_id": "",
            "egress_only_gateway_id": "",
            "gateway_id": "igw-0add3c404832fd551",
            "id": "r-rtb-05fef5d51ea2effbb1080289494",
            "instance_id": "",
            "instance_owner_id": "",
            "local_gateway_id": "",
            "nat_gateway_id": "",
            "network_interface_id": "",
            "origin": "CreateRoute",
            "route_table_id": "rtb-05fef5d51ea2effbb",
            "state": "active",
            "timeouts": {
              "create": "5m",
              "delete": null,
              "update": null
            },
            "transit_gateway_id": "",
            "vpc_endpoint_id": "",
            "vpc_peering_connection_id": ""
          },
          "sensitive_attributes": [],
          "identity_schema_version": 0,
          "private": "eyJlMmJmYjczMC1lY2FhLTExZTYtOGY4OC0zNDM2M2JjN2M0YzAiOnsiY3JlYXRlIjozMDAwMDAwMDAwMDAsImRlbGV0ZSI6MzAwMDAwMDAwMDAwLCJ1cGRhdGUiOjEyMDAwMDAwMDAwMH19",
          "dependencies": [
            "module.eks_infra.module.vpc.aws_internet_gateway.this",
            "module.eks_infra.module.vpc.aws_route_table.public",
            "module.eks_infra.module.vpc.aws_vpc.this",
            "module.eks_infra.module.vpc.aws_vpc_ipv4_cidr_block_association.this"
          ]
        }
      ]
    },
    {
      "module": "module.eks_infra.module.vpc",
      "mode": "managed",
      "type": "aws_route_table",
      "name": "private",
      "provider": "module.eks_infra.provider[\"registry.terraform.io/hashicorp/aws\"]",
      "instances": [
        {
          "index_key": 0,
          "schema_version": 0,
          "attributes": {
            "arn": "arn:aws:ec2:eu-west-3:120569636577:route-table/rtb-0b6658d9b79e063ab",
            "id": "rtb-0b6658d9b79e063ab",
            "owner_id": "120569636577",
            "propagating_vgws": [],
            "route": [
              {
                "carrier_gateway_id": "",
                "cidr_block": "0.0.0.0/0",
                "core_network_arn": "",
                "destination_prefix_list_id": "",
                "egress_only_gateway_id": "",
                "gateway_id": "",
                "ipv6_cidr_block": "",
                "local_gateway_id": "",
                "nat_gateway_id": "nat-0b02012c87c79a49e",
                "network_interface_id": "",
                "transit_gateway_id": "",
                "vpc_endpoint_id": "",
                "vpc_peering_connection_id": ""
              }
            ],
            "tags": {
              "Environment": "dev",
              "Name": "saliha-vpc-private",
              "Terraform": "true"
            },
            "tags_all": {
              "Environment": "dev",
              "Name": "saliha-vpc-private",
              "Terraform": "true"
            },
            "timeouts": null,
            "vpc_id": "vpc-0c9a5dbd137c089d6"
          },
          "sensitive_attributes": [],
          "identity_schema_version": 0,
          "private": "eyJlMmJmYjczMC1lY2FhLTExZTYtOGY4OC0zNDM2M2JjN2M0YzAiOnsiY3JlYXRlIjozMDAwMDAwMDAwMDAsImRlbGV0ZSI6MzAwMDAwMDAwMDAwLCJ1cGRhdGUiOjEyMDAwMDAwMDAwMH19",
          "dependencies": [
            "module.eks_infra.module.vpc.aws_vpc.this",
            "module.eks_infra.module.vpc.aws_vpc_ipv4_cidr_block_association.this"
          ]
        }
      ]
    },
    {
      "module": "module.eks_infra.module.vpc",
      "mode": "managed",
      "type": "aws_route_table",
      "name": "public",
      "provider": "module.eks_infra.provider[\"registry.terraform.io/hashicorp/aws\"]",
      "instances": [
        {
          "index_key": 0,
          "schema_version": 0,
          "attributes": {
            "arn": "arn:aws:ec2:eu-west-3:120569636577:route-table/rtb-05fef5d51ea2effbb",
            "id": "rtb-05fef5d51ea2effbb",
            "owner_id": "120569636577",
            "propagating_vgws": [],
            "route": [
              {
                "carrier_gateway_id": "",
                "cidr_block": "0.0.0.0/0",
                "core_network_arn": "",
                "destination_prefix_list_id": "",
                "egress_only_gateway_id": "",
                "gateway_id": "igw-0add3c404832fd551",
                "ipv6_cidr_block": "",
                "local_gateway_id": "",
                "nat_gateway_id": "",
                "network_interface_id": "",
                "transit_gateway_id": "",
                "vpc_endpoint_id": "",
                "vpc_peering_connection_id": ""
              }
            ],
            "tags": {
              "Environment": "dev",
              "Name": "saliha-vpc-public",
              "Terraform": "true"
            },
            "tags_all": {
              "Environment": "dev",
              "Name": "saliha-vpc-public",
              "Terraform": "true"
            },
            "timeouts": null,
            "vpc_id": "vpc-0c9a5dbd137c089d6"
          },
          "sensitive_attributes": [],
          "identity_schema_version": 0,
          "private": "eyJlMmJmYjczMC1lY2FhLTExZTYtOGY4OC0zNDM2M2JjN2M0YzAiOnsiY3JlYXRlIjozMDAwMDAwMDAwMDAsImRlbGV0ZSI6MzAwMDAwMDAwMDAwLCJ1cGRhdGUiOjEyMDAwMDAwMDAwMH19",
          "dependencies": [
            "module.eks_infra.module.vpc.aws_vpc.this",
            "module.eks_infra.module.vpc.aws_vpc_ipv4_cidr_block_association.this"
          ]
        }
      ]
    },
    {
      "module": "module.eks_infra.module.vpc",
      "mode": "managed",
      "type": "aws_route_table_association",
      "name": "private",
      "provider": "module.eks_infra.provider[\"registry.terraform.io/hashicorp/aws\"]",
      "instances": [
        {
          "index_key": 0,
          "schema_version": 0,
          "attributes": {
            "gateway_id": "",
            "id": "rtbassoc-0116dd9ba856af8a8",
            "route_table_id": "rtb-0b6658d9b79e063ab",
            "subnet_id": "subnet-055a14bf206a85d7d",
            "timeouts": null
          },
          "sensitive_attributes": [],
          "identity_schema_version": 0,
          "private": "eyJlMmJmYjczMC1lY2FhLTExZTYtOGY4OC0zNDM2M2JjN2M0YzAiOnsiY3JlYXRlIjozMDAwMDAwMDAwMDAsImRlbGV0ZSI6MzAwMDAwMDAwMDAwLCJ1cGRhdGUiOjEyMDAwMDAwMDAwMH19",
          "dependencies": [
            "module.eks_infra.module.vpc.aws_route_table.private",
            "module.eks_infra.module.vpc.aws_subnet.private",
            "module.eks_infra.module.vpc.aws_vpc.this",
            "module.eks_infra.module.vpc.aws_vpc_ipv4_cidr_block_association.this"
          ]
        },
        {
          "index_key": 1,
          "schema_version": 0,
          "attributes": {
            "gateway_id": "",
            "id": "rtbassoc-006596e649fbfda49",
            "route_table_id": "rtb-0b6658d9b79e063ab",
            "subnet_id": "subnet-0a6faeac7b01568a3",
            "timeouts": null
          },
          "sensitive_attributes": [],
          "identity_schema_version": 0,
          "private": "eyJlMmJmYjczMC1lY2FhLTExZTYtOGY4OC0zNDM2M2JjN2M0YzAiOnsiY3JlYXRlIjozMDAwMDAwMDAwMDAsImRlbGV0ZSI6MzAwMDAwMDAwMDAwLCJ1cGRhdGUiOjEyMDAwMDAwMDAwMH19",
          "dependencies": [
            "module.eks_infra.module.vpc.aws_route_table.private",
            "module.eks_infra.module.vpc.aws_subnet.private",
            "module.eks_infra.module.vpc.aws_vpc.this",
            "module.eks_infra.module.vpc.aws_vpc_ipv4_cidr_block_association.this"
          ]
        },
        {
          "index_key": 2,
          "schema_version": 0,
          "attributes": {
            "gateway_id": "",
            "id": "rtbassoc-0fab53fedbb4be25c",
            "route_table_id": "rtb-0b6658d9b79e063ab",
            "subnet_id": "subnet-0c3ff6ddba1d3e756",
            "timeouts": null
          },
          "sensitive_attributes": [],
          "identity_schema_version": 0,
          "private": "eyJlMmJmYjczMC1lY2FhLTExZTYtOGY4OC0zNDM2M2JjN2M0YzAiOnsiY3JlYXRlIjozMDAwMDAwMDAwMDAsImRlbGV0ZSI6MzAwMDAwMDAwMDAwLCJ1cGRhdGUiOjEyMDAwMDAwMDAwMH19",
          "dependencies": [
            "module.eks_infra.module.vpc.aws_route_table.private",
            "module.eks_infra.module.vpc.aws_subnet.private",
            "module.eks_infra.module.vpc.aws_vpc.this",
            "module.eks_infra.module.vpc.aws_vpc_ipv4_cidr_block_association.this"
          ]
        }
      ]
    },
    {
      "module": "module.eks_infra.module.vpc",
      "mode": "managed",
      "type": "aws_route_table_association",
      "name": "public",
      "provider": "module.eks_infra.provider[\"registry.terraform.io/hashicorp/aws\"]",
      "instances": [
        {
          "index_key": 0,
          "schema_version": 0,
          "attributes": {
            "gateway_id": "",
            "id": "rtbassoc-0baa6652b46d96ee2",
            "route_table_id": "rtb-05fef5d51ea2effbb",
            "subnet_id": "subnet-05e076d6be9b9037a",
            "timeouts": null
          },
          "sensitive_attributes": [],
          "identity_schema_version": 0,
          "private": "eyJlMmJmYjczMC1lY2FhLTExZTYtOGY4OC0zNDM2M2JjN2M0YzAiOnsiY3JlYXRlIjozMDAwMDAwMDAwMDAsImRlbGV0ZSI6MzAwMDAwMDAwMDAwLCJ1cGRhdGUiOjEyMDAwMDAwMDAwMH19",
          "dependencies": [
            "module.eks_infra.module.vpc.aws_route_table.public",
            "module.eks_infra.module.vpc.aws_subnet.public",
            "module.eks_infra.module.vpc.aws_vpc.this",
            "module.eks_infra.module.vpc.aws_vpc_ipv4_cidr_block_association.this"
          ]
        },
        {
          "index_key": 1,
          "schema_version": 0,
          "attributes": {
            "gateway_id": "",
            "id": "rtbassoc-029d3ca9c3ef3d13b",
            "route_table_id": "rtb-05fef5d51ea2effbb",
            "subnet_id": "subnet-0e0b484cce11a3070",
            "timeouts": null
          },
          "sensitive_attributes": [],
          "identity_schema_version": 0,
          "private": "eyJlMmJmYjczMC1lY2FhLTExZTYtOGY4OC0zNDM2M2JjN2M0YzAiOnsiY3JlYXRlIjozMDAwMDAwMDAwMDAsImRlbGV0ZSI6MzAwMDAwMDAwMDAwLCJ1cGRhdGUiOjEyMDAwMDAwMDAwMH19",
          "dependencies": [
            "module.eks_infra.module.vpc.aws_route_table.public",
            "module.eks_infra.module.vpc.aws_subnet.public",
            "module.eks_infra.module.vpc.aws_vpc.this",
            "module.eks_infra.module.vpc.aws_vpc_ipv4_cidr_block_association.this"
          ]
        },
        {
          "index_key": 2,
          "schema_version": 0,
          "attributes": {
            "gateway_id": "",
            "id": "rtbassoc-0e6042f307634447c",
            "route_table_id": "rtb-05fef5d51ea2effbb",
            "subnet_id": "subnet-0d035c4bd6228bb69",
            "timeouts": null
          },
          "sensitive_attributes": [],
          "identity_schema_version": 0,
          "private": "eyJlMmJmYjczMC1lY2FhLTExZTYtOGY4OC0zNDM2M2JjN2M0YzAiOnsiY3JlYXRlIjozMDAwMDAwMDAwMDAsImRlbGV0ZSI6MzAwMDAwMDAwMDAwLCJ1cGRhdGUiOjEyMDAwMDAwMDAwMH19",
          "dependencies": [
            "module.eks_infra.module.vpc.aws_route_table.public",
            "module.eks_infra.module.vpc.aws_subnet.public",
            "module.eks_infra.module.vpc.aws_vpc.this",
            "module.eks_infra.module.vpc.aws_vpc_ipv4_cidr_block_association.this"
          ]
        }
      ]
    },
    {
      "module": "module.eks_infra.module.vpc",
      "mode": "managed",
      "type": "aws_subnet",
      "name": "private",
      "provider": "module.eks_infra.provider[\"registry.terraform.io/hashicorp/aws\"]",
      "instances": [
        {
          "index_key": 0,
          "schema_version": 1,
          "attributes": {
            "arn": "arn:aws:ec2:eu-west-3:120569636577:subnet/subnet-055a14bf206a85d7d",
            "assign_ipv6_address_on_creation": false,
            "availability_zone": "eu-west-3a",
            "availability_zone_id": "euw3-az1",
            "cidr_block": "10.0.1.0/24",
            "customer_owned_ipv4_pool": "",
            "enable_dns64": false,
            "enable_lni_at_device_index": 0,
            "enable_resource_name_dns_a_record_on_launch": false,
            "enable_resource_name_dns_aaaa_record_on_launch": false,
            "id": "subnet-055a14bf206a85d7d",
            "ipv6_cidr_block": "",
            "ipv6_cidr_block_association_id": "",
            "ipv6_native": false,
            "map_customer_owned_ip_on_launch": false,
            "map_public_ip_on_launch": false,
            "outpost_arn": "",
            "owner_id": "120569636577",
            "private_dns_hostname_type_on_launch": "ip-name",
            "tags": {
              "Environment": "dev",
              "Name": "saliha-vpc-private-eu-west-3a",
              "Terraform": "true"
            },
            "tags_all": {
              "Environment": "dev",
              "Name": "saliha-vpc-private-eu-west-3a",
              "Terraform": "true"
            },
            "timeouts": null,
            "vpc_id": "vpc-0c9a5dbd137c089d6"
          },
          "sensitive_attributes": [],
          "identity_schema_version": 0,
          "private": "eyJlMmJmYjczMC1lY2FhLTExZTYtOGY4OC0zNDM2M2JjN2M0YzAiOnsiY3JlYXRlIjo2MDAwMDAwMDAwMDAsImRlbGV0ZSI6MTIwMDAwMDAwMDAwMH0sInNjaGVtYV92ZXJzaW9uIjoiMSJ9",
          "dependencies": [
            "module.eks_infra.module.vpc.aws_vpc.this",
            "module.eks_infra.module.vpc.aws_vpc_ipv4_cidr_block_association.this"
          ],
          "create_before_destroy": true
        },
        {
          "index_key": 1,
          "schema_version": 1,
          "attributes": {
            "arn": "arn:aws:ec2:eu-west-3:120569636577:subnet/subnet-0a6faeac7b01568a3",
            "assign_ipv6_address_on_creation": false,
            "availability_zone": "eu-west-3b",
            "availability_zone_id": "euw3-az2",
            "cidr_block": "10.0.2.0/24",
            "customer_owned_ipv4_pool": "",
            "enable_dns64": false,
            "enable_lni_at_device_index": 0,
            "enable_resource_name_dns_a_record_on_launch": false,
            "enable_resource_name_dns_aaaa_record_on_launch": false,
            "id": "subnet-0a6faeac7b01568a3",
            "ipv6_cidr_block": "",
            "ipv6_cidr_block_association_id": "",
            "ipv6_native": false,
            "map_customer_owned_ip_on_launch": false,
            "map_public_ip_on_launch": false,
            "outpost_arn": "",
            "owner_id": "120569636577",
            "private_dns_hostname_type_on_launch": "ip-name",
            "tags": {
              "Environment": "dev",
              "Name": "saliha-vpc-private-eu-west-3b",
              "Terraform": "true"
            },
            "tags_all": {
              "Environment": "dev",
              "Name": "saliha-vpc-private-eu-west-3b",
              "Terraform": "true"
            },
            "timeouts": null,
            "vpc_id": "vpc-0c9a5dbd137c089d6"
          },
          "sensitive_attributes": [],
          "identity_schema_version": 0,
          "private": "eyJlMmJmYjczMC1lY2FhLTExZTYtOGY4OC0zNDM2M2JjN2M0YzAiOnsiY3JlYXRlIjo2MDAwMDAwMDAwMDAsImRlbGV0ZSI6MTIwMDAwMDAwMDAwMH0sInNjaGVtYV92ZXJzaW9uIjoiMSJ9",
          "dependencies": [
            "module.eks_infra.module.vpc.aws_vpc.this",
            "module.eks_infra.module.vpc.aws_vpc_ipv4_cidr_block_association.this"
          ],
          "create_before_destroy": true
        },
        {
          "index_key": 2,
          "schema_version": 1,
          "attributes": {
            "arn": "arn:aws:ec2:eu-west-3:120569636577:subnet/subnet-0c3ff6ddba1d3e756",
            "assign_ipv6_address_on_creation": false,
            "availability_zone": "eu-west-3c",
            "availability_zone_id": "euw3-az3",
            "cidr_block": "10.0.3.0/24",
            "customer_owned_ipv4_pool": "",
            "enable_dns64": false,
            "enable_lni_at_device_index": 0,
            "enable_resource_name_dns_a_record_on_launch": false,
            "enable_resource_name_dns_aaaa_record_on_launch": false,
            "id": "subnet-0c3ff6ddba1d3e756",
            "ipv6_cidr_block": "",
            "ipv6_cidr_block_association_id": "",
            "ipv6_native": false,
            "map_customer_owned_ip_on_launch": false,
            "map_public_ip_on_launch": false,
            "outpost_arn": "",
            "owner_id": "120569636577",
            "private_dns_hostname_type_on_launch": "ip-name",
            "tags": {
              "Environment": "dev",
              "Name": "saliha-vpc-private-eu-west-3c",
              "Terraform": "true"
            },
            "tags_all": {
              "Environment": "dev",
              "Name": "saliha-vpc-private-eu-west-3c",
              "Terraform": "true"
            },
            "timeouts": null,
            "vpc_id": "vpc-0c9a5dbd137c089d6"
          },
          "sensitive_attributes": [],
          "identity_schema_version": 0,
          "private": "eyJlMmJmYjczMC1lY2FhLTExZTYtOGY4OC0zNDM2M2JjN2M0YzAiOnsiY3JlYXRlIjo2MDAwMDAwMDAwMDAsImRlbGV0ZSI6MTIwMDAwMDAwMDAwMH0sInNjaGVtYV92ZXJzaW9uIjoiMSJ9",
          "dependencies": [
            "module.eks_infra.module.vpc.aws_vpc.this",
            "module.eks_infra.module.vpc.aws_vpc_ipv4_cidr_block_association.this"
          ],
          "create_before_destroy": true
        }
      ]
    },
    {
      "module": "module.eks_infra.module.vpc",
      "mode": "managed",
      "type": "aws_subnet",
      "name": "public",
      "provider": "module.eks_infra.provider[\"registry.terraform.io/hashicorp/aws\"]",
      "instances": [
        {
          "index_key": 0,
          "schema_version": 1,
          "attributes": {
            "arn": "arn:aws:ec2:eu-west-3:120569636577:subnet/subnet-05e076d6be9b9037a",
            "assign_ipv6_address_on_creation": false,
            "availability_zone": "eu-west-3a",
            "availability_zone_id": "euw3-az1",
            "cidr_block": "10.0.101.0/24",
            "customer_owned_ipv4_pool": "",
            "enable_dns64": false,
            "enable_lni_at_device_index": 0,
            "enable_resource_name_dns_a_record_on_launch": false,
            "enable_resource_name_dns_aaaa_record_on_launch": false,
            "id": "subnet-05e076d6be9b9037a",
            "ipv6_cidr_block": "",
            "ipv6_cidr_block_association_id": "",
            "ipv6_native": false,
            "map_customer_owned_ip_on_launch": false,
            "map_public_ip_on_launch": false,
            "outpost_arn": "",
            "owner_id": "120569636577",
            "private_dns_hostname_type_on_launch": "ip-name",
            "tags": {
              "Environment": "dev",
              "Name": "saliha-vpc-public-eu-west-3a",
              "Terraform": "true"
            },
            "tags_all": {
              "Environment": "dev",
              "Name": "saliha-vpc-public-eu-west-3a",
              "Terraform": "true"
            },
            "timeouts": null,
            "vpc_id": "vpc-0c9a5dbd137c089d6"
          },
          "sensitive_attributes": [],
          "identity_schema_version": 0,
          "private": "eyJlMmJmYjczMC1lY2FhLTExZTYtOGY4OC0zNDM2M2JjN2M0YzAiOnsiY3JlYXRlIjo2MDAwMDAwMDAwMDAsImRlbGV0ZSI6MTIwMDAwMDAwMDAwMH0sInNjaGVtYV92ZXJzaW9uIjoiMSJ9",
          "dependencies": [
            "module.eks_infra.module.vpc.aws_vpc.this",
            "module.eks_infra.module.vpc.aws_vpc_ipv4_cidr_block_association.this"
          ]
        },
        {
          "index_key": 1,
          "schema_version": 1,
          "attributes": {
            "arn": "arn:aws:ec2:eu-west-3:120569636577:subnet/subnet-0e0b484cce11a3070",
            "assign_ipv6_address_on_creation": false,
            "availability_zone": "eu-west-3b",
            "availability_zone_id": "euw3-az2",
            "cidr_block": "10.0.102.0/24",
            "customer_owned_ipv4_pool": "",
            "enable_dns64": false,
            "enable_lni_at_device_index": 0,
            "enable_resource_name_dns_a_record_on_launch": false,
            "enable_resource_name_dns_aaaa_record_on_launch": false,
            "id": "subnet-0e0b484cce11a3070",
            "ipv6_cidr_block": "",
            "ipv6_cidr_block_association_id": "",
            "ipv6_native": false,
            "map_customer_owned_ip_on_launch": false,
            "map_public_ip_on_launch": false,
            "outpost_arn": "",
            "owner_id": "120569636577",
            "private_dns_hostname_type_on_launch": "ip-name",
            "tags": {
              "Environment": "dev",
              "Name": "saliha-vpc-public-eu-west-3b",
              "Terraform": "true"
            },
            "tags_all": {
              "Environment": "dev",
              "Name": "saliha-vpc-public-eu-west-3b",
              "Terraform": "true"
            },
            "timeouts": null,
            "vpc_id": "vpc-0c9a5dbd137c089d6"
          },
          "sensitive_attributes": [],
          "identity_schema_version": 0,
          "private": "eyJlMmJmYjczMC1lY2FhLTExZTYtOGY4OC0zNDM2M2JjN2M0YzAiOnsiY3JlYXRlIjo2MDAwMDAwMDAwMDAsImRlbGV0ZSI6MTIwMDAwMDAwMDAwMH0sInNjaGVtYV92ZXJzaW9uIjoiMSJ9",
          "dependencies": [
            "module.eks_infra.module.vpc.aws_vpc.this",
            "module.eks_infra.module.vpc.aws_vpc_ipv4_cidr_block_association.this"
          ]
        },
        {
          "index_key": 2,
          "schema_version": 1,
          "attributes": {
            "arn": "arn:aws:ec2:eu-west-3:120569636577:subnet/subnet-0d035c4bd6228bb69",
            "assign_ipv6_address_on_creation": false,
            "availability_zone": "eu-west-3c",
            "availability_zone_id": "euw3-az3",
            "cidr_block": "10.0.103.0/24",
            "customer_owned_ipv4_pool": "",
            "enable_dns64": false,
            "enable_lni_at_device_index": 0,
            "enable_resource_name_dns_a_record_on_launch": false,
            "enable_resource_name_dns_aaaa_record_on_launch": false,
            "id": "subnet-0d035c4bd6228bb69",
            "ipv6_cidr_block": "",
            "ipv6_cidr_block_association_id": "",
            "ipv6_native": false,
            "map_customer_owned_ip_on_launch": false,
            "map_public_ip_on_launch": false,
            "outpost_arn": "",
            "owner_id": "120569636577",
            "private_dns_hostname_type_on_launch": "ip-name",
            "tags": {
              "Environment": "dev",
              "Name": "saliha-vpc-public-eu-west-3c",
              "Terraform": "true"
            },
            "tags_all": {
              "Environment": "dev",
              "Name": "saliha-vpc-public-eu-west-3c",
              "Terraform": "true"
            },
            "timeouts": null,
            "vpc_id": "vpc-0c9a5dbd137c089d6"
          },
          "sensitive_attributes": [],
          "identity_schema_version": 0,
          "private": "eyJlMmJmYjczMC1lY2FhLTExZTYtOGY4OC0zNDM2M2JjN2M0YzAiOnsiY3JlYXRlIjo2MDAwMDAwMDAwMDAsImRlbGV0ZSI6MTIwMDAwMDAwMDAwMH0sInNjaGVtYV92ZXJzaW9uIjoiMSJ9",
          "dependencies": [
            "module.eks_infra.module.vpc.aws_vpc.this",
            "module.eks_infra.module.vpc.aws_vpc_ipv4_cidr_block_association.this"
          ]
        }
      ]
    },
    {
      "module": "module.eks_infra.module.vpc",
      "mode": "managed",
      "type": "aws_vpc",
      "name": "this",
      "provider": "module.eks_infra.provider[\"registry.terraform.io/hashicorp/aws\"]",
      "instances": [
        {
          "index_key": 0,
          "schema_version": 1,
          "attributes": {
            "arn": "arn:aws:ec2:eu-west-3:120569636577:vpc/vpc-0c9a5dbd137c089d6",
            "assign_generated_ipv6_cidr_block": false,
            "cidr_block": "10.0.0.0/16",
            "default_network_acl_id": "acl-01ce27c0c0cd77381",
            "default_route_table_id": "rtb-04e684a4838d3b185",
            "default_security_group_id": "sg-0849053d953e8f96f",
            "dhcp_options_id": "dopt-0b8330473675f4427",
            "enable_dns_hostnames": true,
            "enable_dns_support": true,
            "enable_network_address_usage_metrics": false,
            "id": "vpc-0c9a5dbd137c089d6",
            "instance_tenancy": "default",
            "ipv4_ipam_pool_id": null,
            "ipv4_netmask_length": null,
            "ipv6_association_id": "",
            "ipv6_cidr_block": "",
            "ipv6_cidr_block_network_border_group": "",
            "ipv6_ipam_pool_id": "",
            "ipv6_netmask_length": 0,
            "main_route_table_id": "rtb-04e684a4838d3b185",
            "owner_id": "120569636577",
            "tags": {
              "Environment": "dev",
              "Name": "saliha-vpc",
              "Terraform": "true"
            },
            "tags_all": {
              "Environment": "dev",
              "Name": "saliha-vpc",
              "Terraform": "true"
            }
          },
          "sensitive_attributes": [],
          "identity_schema_version": 0,
          "private": "eyJzY2hlbWFfdmVyc2lvbiI6IjEifQ==",
          "create_before_destroy": true
        }
      ]
    }
  ],
  "check_results": null
}
